// !$*UTF8*$!
{
	archiveVersion = 1;
	classes = {
	};
	objectVersion = 56;
	objects = {

/* Begin PBXBuildFile section */
		CB9C91982C45574C001A08ED /* PillyzeApp.swift in Sources */ = {isa = PBXBuildFile; fileRef = CB9C91972C45574C001A08ED /* PillyzeApp.swift */; };
		CB9C919A2C45574C001A08ED /* ContentView.swift in Sources */ = {isa = PBXBuildFile; fileRef = CB9C91992C45574C001A08ED /* ContentView.swift */; };
		CB9C919C2C45574D001A08ED /* Assets.xcassets in Resources */ = {isa = PBXBuildFile; fileRef = CB9C919B2C45574D001A08ED /* Assets.xcassets */; };
		CB9C919F2C45574D001A08ED /* Preview Assets.xcassets in Resources */ = {isa = PBXBuildFile; fileRef = CB9C919E2C45574D001A08ED /* Preview Assets.xcassets */; };
		CB9C91AA2C455ADB001A08ED /* food_list_with_rank.json in Resources */ = {isa = PBXBuildFile; fileRef = CB9C91A92C455ADA001A08ED /* food_list_with_rank.json */; };
		CB9C91AE2C455BD1001A08ED /* Food.swift in Sources */ = {isa = PBXBuildFile; fileRef = CB9C91AD2C455BD1001A08ED /* Food.swift */; };
		CB9C91B12C455C69001A08ED /* TabBar.swift in Sources */ = {isa = PBXBuildFile; fileRef = CB9C91B02C455C69001A08ED /* TabBar.swift */; };
		CB9C91B32C455FA1001A08ED /* TabBarItem.swift in Sources */ = {isa = PBXBuildFile; fileRef = CB9C91B22C455FA1001A08ED /* TabBarItem.swift */; };
		CB9C91B52C45628A001A08ED /* TabBarBackgroundView.swift in Sources */ = {isa = PBXBuildFile; fileRef = CB9C91B42C45628A001A08ED /* TabBarBackgroundView.swift */; };
		CB9C91BC2C456807001A08ED /* MyHealthView.swift in Sources */ = {isa = PBXBuildFile; fileRef = CB9C91BB2C456807001A08ED /* MyHealthView.swift */; };
		CB9C91BE2C456865001A08ED /* MyHealthHeaderView.swift in Sources */ = {isa = PBXBuildFile; fileRef = CB9C91BD2C456865001A08ED /* MyHealthHeaderView.swift */; };
		CB9C91C02C456916001A08ED /* MyHealthCalendarListView.swift in Sources */ = {isa = PBXBuildFile; fileRef = CB9C91BF2C456916001A08ED /* MyHealthCalendarListView.swift */; };
		CB9C91C22C45696C001A08ED /* MyHealthCalendarListItemView.swift in Sources */ = {isa = PBXBuildFile; fileRef = CB9C91C12C45696C001A08ED /* MyHealthCalendarListItemView.swift */; };
/* End PBXBuildFile section */

/* Begin PBXFileReference section */
		CB9C91942C45574C001A08ED /* Pillyze.app */ = {isa = PBXFileReference; explicitFileType = wrapper.application; includeInIndex = 0; path = Pillyze.app; sourceTree = BUILT_PRODUCTS_DIR; };
		CB9C91972C45574C001A08ED /* PillyzeApp.swift */ = {isa = PBXFileReference; lastKnownFileType = sourcecode.swift; path = PillyzeApp.swift; sourceTree = "<group>"; };
		CB9C91992C45574C001A08ED /* ContentView.swift */ = {isa = PBXFileReference; lastKnownFileType = sourcecode.swift; path = ContentView.swift; sourceTree = "<group>"; };
		CB9C919B2C45574D001A08ED /* Assets.xcassets */ = {isa = PBXFileReference; lastKnownFileType = folder.assetcatalog; path = Assets.xcassets; sourceTree = "<group>"; };
		CB9C919E2C45574D001A08ED /* Preview Assets.xcassets */ = {isa = PBXFileReference; lastKnownFileType = folder.assetcatalog; path = "Preview Assets.xcassets"; sourceTree = "<group>"; };
		CB9C91A92C455ADA001A08ED /* food_list_with_rank.json */ = {isa = PBXFileReference; fileEncoding = 4; lastKnownFileType = text.json; name = food_list_with_rank.json; path = "../../../../../../../앱구현-가이드/필라이즈/food_list_with_rank.json"; sourceTree = "<group>"; };
		CB9C91AD2C455BD1001A08ED /* Food.swift */ = {isa = PBXFileReference; lastKnownFileType = sourcecode.swift; path = Food.swift; sourceTree = "<group>"; };
		CB9C91B02C455C69001A08ED /* TabBar.swift */ = {isa = PBXFileReference; lastKnownFileType = sourcecode.swift; path = TabBar.swift; sourceTree = "<group>"; };
		CB9C91B22C455FA1001A08ED /* TabBarItem.swift */ = {isa = PBXFileReference; lastKnownFileType = sourcecode.swift; path = TabBarItem.swift; sourceTree = "<group>"; };
		CB9C91B42C45628A001A08ED /* TabBarBackgroundView.swift */ = {isa = PBXFileReference; lastKnownFileType = sourcecode.swift; path = TabBarBackgroundView.swift; sourceTree = "<group>"; };
		CB9C91BB2C456807001A08ED /* MyHealthView.swift */ = {isa = PBXFileReference; lastKnownFileType = sourcecode.swift; path = MyHealthView.swift; sourceTree = "<group>"; };
		CB9C91BD2C456865001A08ED /* MyHealthHeaderView.swift */ = {isa = PBXFileReference; lastKnownFileType = sourcecode.swift; path = MyHealthHeaderView.swift; sourceTree = "<group>"; };
		CB9C91BF2C456916001A08ED /* MyHealthCalendarListView.swift */ = {isa = PBXFileReference; lastKnownFileType = sourcecode.swift; path = MyHealthCalendarListView.swift; sourceTree = "<group>"; };
		CB9C91C12C45696C001A08ED /* MyHealthCalendarListItemView.swift */ = {isa = PBXFileReference; lastKnownFileType = sourcecode.swift; path = MyHealthCalendarListItemView.swift; sourceTree = "<group>"; };
/* End PBXFileReference section */

/* Begin PBXFrameworksBuildPhase section */
		CB9C91912C45574C001A08ED /* Frameworks */ = {
			isa = PBXFrameworksBuildPhase;
			buildActionMask = 2147483647;
			files = (
			);
			runOnlyForDeploymentPostprocessing = 0;
		};
/* End PBXFrameworksBuildPhase section */

/* Begin PBXGroup section */
		CB9C918B2C45574C001A08ED = {
			isa = PBXGroup;
			children = (
				CB9C91962C45574C001A08ED /* Pillyze */,
				CB9C91952C45574C001A08ED /* Products */,
			);
			sourceTree = "<group>";
		};
		CB9C91952C45574C001A08ED /* Products */ = {
			isa = PBXGroup;
			children = (
				CB9C91942C45574C001A08ED /* Pillyze.app */,
			);
			name = Products;
			sourceTree = "<group>";
		};
		CB9C91962C45574C001A08ED /* Pillyze */ = {
			isa = PBXGroup;
			children = (
				CB9C91A62C4557EE001A08ED /* APP */,
				CB9C91AB2C455BBF001A08ED /* Views */,
				CB9C91AC2C455BC2001A08ED /* Models */,
				CB9C91A52C4557CD001A08ED /* Resources */,
				CB9C919D2C45574D001A08ED /* Preview Content */,
			);
			path = Pillyze;
			sourceTree = "<group>";
		};
		CB9C919D2C45574D001A08ED /* Preview Content */ = {
			isa = PBXGroup;
			children = (
				CB9C919E2C45574D001A08ED /* Preview Assets.xcassets */,
			);
			path = "Preview Content";
			sourceTree = "<group>";
		};
		CB9C91A52C4557CD001A08ED /* Resources */ = {
			isa = PBXGroup;
			children = (
				CB9C91A82C455ABE001A08ED /* JSON */,
				CB9C919B2C45574D001A08ED /* Assets.xcassets */,
			);
			path = Resources;
			sourceTree = "<group>";
		};
		CB9C91A62C4557EE001A08ED /* APP */ = {
			isa = PBXGroup;
			children = (
				CB9C91992C45574C001A08ED /* ContentView.swift */,
				CB9C91972C45574C001A08ED /* PillyzeApp.swift */,
			);
			path = APP;
			sourceTree = "<group>";
		};
		CB9C91A82C455ABE001A08ED /* JSON */ = {
			isa = PBXGroup;
			children = (
				CB9C91A92C455ADA001A08ED /* food_list_with_rank.json */,
			);
			path = JSON;
			sourceTree = "<group>";
		};
		CB9C91AB2C455BBF001A08ED /* Views */ = {
			isa = PBXGroup;
			children = (
				CB9C91B82C4567E6001A08ED /* MyHealth */,
				CB9C91AF2C455C61001A08ED /* TabBar */,
			);
			path = Views;
			sourceTree = "<group>";
		};
		CB9C91AC2C455BC2001A08ED /* Models */ = {
			isa = PBXGroup;
			children = (
				CB9C91AD2C455BD1001A08ED /* Food.swift */,
			);
			path = Models;
			sourceTree = "<group>";
		};
		CB9C91AF2C455C61001A08ED /* TabBar */ = {
			isa = PBXGroup;
			children = (
				CB9C91B02C455C69001A08ED /* TabBar.swift */,
				CB9C91B22C455FA1001A08ED /* TabBarItem.swift */,
				CB9C91B42C45628A001A08ED /* TabBarBackgroundView.swift */,
			);
			path = TabBar;
			sourceTree = "<group>";
		};
		CB9C91B82C4567E6001A08ED /* MyHealth */ = {
			isa = PBXGroup;
			children = (
				CB9C91BB2C456807001A08ED /* MyHealthView.swift */,
				CB9C91BD2C456865001A08ED /* MyHealthHeaderView.swift */,
				CB9C91BF2C456916001A08ED /* MyHealthCalendarListView.swift */,
				CB9C91C12C45696C001A08ED /* MyHealthCalendarListItemView.swift */,
			);
			path = MyHealth;
			sourceTree = "<group>";
		};
/* End PBXGroup section */

/* Begin PBXNativeTarget section */
		CB9C91932C45574C001A08ED /* Pillyze */ = {
			isa = PBXNativeTarget;
			buildConfigurationList = CB9C91A22C45574D001A08ED /* Build configuration list for PBXNativeTarget "Pillyze" */;
			buildPhases = (
				CB9C91902C45574C001A08ED /* Sources */,
				CB9C91912C45574C001A08ED /* Frameworks */,
				CB9C91922C45574C001A08ED /* Resources */,
			);
			buildRules = (
			);
			dependencies = (
			);
			name = Pillyze;
			productName = Pillyze;
			productReference = CB9C91942C45574C001A08ED /* Pillyze.app */;
			productType = "com.apple.product-type.application";
		};
/* End PBXNativeTarget section */

/* Begin PBXProject section */
		CB9C918C2C45574C001A08ED /* Project object */ = {
			isa = PBXProject;
			attributes = {
				BuildIndependentTargetsInParallel = 1;
				LastSwiftUpdateCheck = 1540;
				LastUpgradeCheck = 1540;
				TargetAttributes = {
					CB9C91932C45574C001A08ED = {
						CreatedOnToolsVersion = 15.4;
					};
				};
			};
			buildConfigurationList = CB9C918F2C45574C001A08ED /* Build configuration list for PBXProject "Pillyze" */;
			compatibilityVersion = "Xcode 14.0";
			developmentRegion = en;
			hasScannedForEncodings = 0;
			knownRegions = (
				en,
				Base,
			);
			mainGroup = CB9C918B2C45574C001A08ED;
			productRefGroup = CB9C91952C45574C001A08ED /* Products */;
			projectDirPath = "";
			projectRoot = "";
			targets = (
				CB9C91932C45574C001A08ED /* Pillyze */,
			);
		};
/* End PBXProject section */

/* Begin PBXResourcesBuildPhase section */
		CB9C91922C45574C001A08ED /* Resources */ = {
			isa = PBXResourcesBuildPhase;
			buildActionMask = 2147483647;
			files = (
				CB9C919F2C45574D001A08ED /* Preview Assets.xcassets in Resources */,
				CB9C919C2C45574D001A08ED /* Assets.xcassets in Resources */,
				CB9C91AA2C455ADB001A08ED /* food_list_with_rank.json in Resources */,
			);
			runOnlyForDeploymentPostprocessing = 0;
		};
/* End PBXResourcesBuildPhase section */

/* Begin PBXSourcesBuildPhase section */
		CB9C91902C45574C001A08ED /* Sources */ = {
			isa = PBXSourcesBuildPhase;
			buildActionMask = 2147483647;
			files = (
				CB9C91C02C456916001A08ED /* MyHealthCalendarListView.swift in Sources */,
				CB9C919A2C45574C001A08ED /* ContentView.swift in Sources */,
				CB9C91BC2C456807001A08ED /* MyHealthView.swift in Sources */,
				CB9C91C22C45696C001A08ED /* MyHealthCalendarListItemView.swift in Sources */,
				CB9C91BE2C456865001A08ED /* MyHealthHeaderView.swift in Sources */,
				CB9C91982C45574C001A08ED /* PillyzeApp.swift in Sources */,
				CB9C91B32C455FA1001A08ED /* TabBarItem.swift in Sources */,
				CB9C91AE2C455BD1001A08ED /* Food.swift in Sources */,
				CB9C91B52C45628A001A08ED /* TabBarBackgroundView.swift in Sources */,
				CB9C91B12C455C69001A08ED /* TabBar.swift in Sources */,
			);
			runOnlyForDeploymentPostprocessing = 0;
		};
/* End PBXSourcesBuildPhase section */

/* Begin XCBuildConfiguration section */
		CB9C91A02C45574D001A08ED /* Debug */ = {
			isa = XCBuildConfiguration;
			buildSettings = {
				ALWAYS_SEARCH_USER_PATHS = NO;
				ASSETCATALOG_COMPILER_GENERATE_SWIFT_ASSET_SYMBOL_EXTENSIONS = YES;
				CLANG_ANALYZER_NONNULL = YES;
				CLANG_ANALYZER_NUMBER_OBJECT_CONVERSION = YES_AGGRESSIVE;
				CLANG_CXX_LANGUAGE_STANDARD = "gnu++20";
				CLANG_ENABLE_MODULES = YES;
				CLANG_ENABLE_OBJC_ARC = YES;
				CLANG_ENABLE_OBJC_WEAK = YES;
				CLANG_WARN_BLOCK_CAPTURE_AUTORELEASING = YES;
				CLANG_WARN_BOOL_CONVERSION = YES;
				CLANG_WARN_COMMA = YES;
				CLANG_WARN_CONSTANT_CONVERSION = YES;
				CLANG_WARN_DEPRECATED_OBJC_IMPLEMENTATIONS = YES;
				CLANG_WARN_DIRECT_OBJC_ISA_USAGE = YES_ERROR;
				CLANG_WARN_DOCUMENTATION_COMMENTS = YES;
				CLANG_WARN_EMPTY_BODY = YES;
				CLANG_WARN_ENUM_CONVERSION = YES;
				CLANG_WARN_INFINITE_RECURSION = YES;
				CLANG_WARN_INT_CONVERSION = YES;
				CLANG_WARN_NON_LITERAL_NULL_CONVERSION = YES;
				CLANG_WARN_OBJC_IMPLICIT_RETAIN_SELF = YES;
				CLANG_WARN_OBJC_LITERAL_CONVERSION = YES;
				CLANG_WARN_OBJC_ROOT_CLASS = YES_ERROR;
				CLANG_WARN_QUOTED_INCLUDE_IN_FRAMEWORK_HEADER = YES;
				CLANG_WARN_RANGE_LOOP_ANALYSIS = YES;
				CLANG_WARN_STRICT_PROTOTYPES = YES;
				CLANG_WARN_SUSPICIOUS_MOVE = YES;
				CLANG_WARN_UNGUARDED_AVAILABILITY = YES_AGGRESSIVE;
				CLANG_WARN_UNREACHABLE_CODE = YES;
				CLANG_WARN__DUPLICATE_METHOD_MATCH = YES;
				COPY_PHASE_STRIP = NO;
				DEBUG_INFORMATION_FORMAT = dwarf;
				ENABLE_STRICT_OBJC_MSGSEND = YES;
				ENABLE_TESTABILITY = YES;
				ENABLE_USER_SCRIPT_SANDBOXING = YES;
				GCC_C_LANGUAGE_STANDARD = gnu17;
				GCC_DYNAMIC_NO_PIC = NO;
				GCC_NO_COMMON_BLOCKS = YES;
				GCC_OPTIMIZATION_LEVEL = 0;
				GCC_PREPROCESSOR_DEFINITIONS = (
					"DEBUG=1",
					"$(inherited)",
				);
				GCC_WARN_64_TO_32_BIT_CONVERSION = YES;
				GCC_WARN_ABOUT_RETURN_TYPE = YES_ERROR;
				GCC_WARN_UNDECLARED_SELECTOR = YES;
				GCC_WARN_UNINITIALIZED_AUTOS = YES_AGGRESSIVE;
				GCC_WARN_UNUSED_FUNCTION = YES;
				GCC_WARN_UNUSED_VARIABLE = YES;
				IPHONEOS_DEPLOYMENT_TARGET = 16.0;
				LOCALIZATION_PREFERS_STRING_CATALOGS = YES;
				MTL_ENABLE_DEBUG_INFO = INCLUDE_SOURCE;
				MTL_FAST_MATH = YES;
				ONLY_ACTIVE_ARCH = YES;
				SDKROOT = iphoneos;
				SWIFT_ACTIVE_COMPILATION_CONDITIONS = "DEBUG $(inherited)";
				SWIFT_OPTIMIZATION_LEVEL = "-Onone";
			};
			name = Debug;
		};
		CB9C91A12C45574D001A08ED /* Release */ = {
			isa = XCBuildConfiguration;
			buildSettings = {
				ALWAYS_SEARCH_USER_PATHS = NO;
				ASSETCATALOG_COMPILER_GENERATE_SWIFT_ASSET_SYMBOL_EXTENSIONS = YES;
				CLANG_ANALYZER_NONNULL = YES;
				CLANG_ANALYZER_NUMBER_OBJECT_CONVERSION = YES_AGGRESSIVE;
				CLANG_CXX_LANGUAGE_STANDARD = "gnu++20";
				CLANG_ENABLE_MODULES = YES;
				CLANG_ENABLE_OBJC_ARC = YES;
				CLANG_ENABLE_OBJC_WEAK = YES;
				CLANG_WARN_BLOCK_CAPTURE_AUTORELEASING = YES;
				CLANG_WARN_BOOL_CONVERSION = YES;
				CLANG_WARN_COMMA = YES;
				CLANG_WARN_CONSTANT_CONVERSION = YES;
				CLANG_WARN_DEPRECATED_OBJC_IMPLEMENTATIONS = YES;
				CLANG_WARN_DIRECT_OBJC_ISA_USAGE = YES_ERROR;
				CLANG_WARN_DOCUMENTATION_COMMENTS = YES;
				CLANG_WARN_EMPTY_BODY = YES;
				CLANG_WARN_ENUM_CONVERSION = YES;
				CLANG_WARN_INFINITE_RECURSION = YES;
				CLANG_WARN_INT_CONVERSION = YES;
				CLANG_WARN_NON_LITERAL_NULL_CONVERSION = YES;
				CLANG_WARN_OBJC_IMPLICIT_RETAIN_SELF = YES;
				CLANG_WARN_OBJC_LITERAL_CONVERSION = YES;
				CLANG_WARN_OBJC_ROOT_CLASS = YES_ERROR;
				CLANG_WARN_QUOTED_INCLUDE_IN_FRAMEWORK_HEADER = YES;
				CLANG_WARN_RANGE_LOOP_ANALYSIS = YES;
				CLANG_WARN_STRICT_PROTOTYPES = YES;
				CLANG_WARN_SUSPICIOUS_MOVE = YES;
				CLANG_WARN_UNGUARDED_AVAILABILITY = YES_AGGRESSIVE;
				CLANG_WARN_UNREACHABLE_CODE = YES;
				CLANG_WARN__DUPLICATE_METHOD_MATCH = YES;
				COPY_PHASE_STRIP = NO;
				DEBUG_INFORMATION_FORMAT = "dwarf-with-dsym";
				ENABLE_NS_ASSERTIONS = NO;
				ENABLE_STRICT_OBJC_MSGSEND = YES;
				ENABLE_USER_SCRIPT_SANDBOXING = YES;
				GCC_C_LANGUAGE_STANDARD = gnu17;
				GCC_NO_COMMON_BLOCKS = YES;
				GCC_WARN_64_TO_32_BIT_CONVERSION = YES;
				GCC_WARN_ABOUT_RETURN_TYPE = YES_ERROR;
				GCC_WARN_UNDECLARED_SELECTOR = YES;
				GCC_WARN_UNINITIALIZED_AUTOS = YES_AGGRESSIVE;
				GCC_WARN_UNUSED_FUNCTION = YES;
				GCC_WARN_UNUSED_VARIABLE = YES;
				IPHONEOS_DEPLOYMENT_TARGET = 16.0;
				LOCALIZATION_PREFERS_STRING_CATALOGS = YES;
				MTL_ENABLE_DEBUG_INFO = NO;
				MTL_FAST_MATH = YES;
				SDKROOT = iphoneos;
				SWIFT_COMPILATION_MODE = wholemodule;
				VALIDATE_PRODUCT = YES;
			};
			name = Release;
		};
		CB9C91A32C45574D001A08ED /* Debug */ = {
			isa = XCBuildConfiguration;
			buildSettings = {
				ASSETCATALOG_COMPILER_APPICON_NAME = AppIcon;
				ASSETCATALOG_COMPILER_GLOBAL_ACCENT_COLOR_NAME = AccentColor;
				CODE_SIGN_STYLE = Automatic;
				CURRENT_PROJECT_VERSION = 1;
				DEVELOPMENT_ASSET_PATHS = "\"Pillyze/Preview Content\"";
				DEVELOPMENT_TEAM = 34STBCNCDG;
				ENABLE_PREVIEWS = YES;
				GENERATE_INFOPLIST_FILE = YES;
				INFOPLIST_KEY_UIApplicationSceneManifest_Generation = YES;
				INFOPLIST_KEY_UIApplicationSupportsIndirectInputEvents = YES;
				INFOPLIST_KEY_UILaunchScreen_Generation = YES;
				INFOPLIST_KEY_UISupportedInterfaceOrientations_iPad = "UIInterfaceOrientationPortrait UIInterfaceOrientationPortraitUpsideDown UIInterfaceOrientationLandscapeLeft UIInterfaceOrientationLandscapeRight";
				INFOPLIST_KEY_UISupportedInterfaceOrientations_iPhone = "UIInterfaceOrientationPortrait UIInterfaceOrientationLandscapeLeft UIInterfaceOrientationLandscapeRight";
				IPHONEOS_DEPLOYMENT_TARGET = 16.0;
				LD_RUNPATH_SEARCH_PATHS = (
					"$(inherited)",
					"@executable_path/Frameworks",
				);
				MARKETING_VERSION = 1.0;
				PRODUCT_BUNDLE_IDENTIFIER = com.gmail.junbok97.Pillyze;
				PRODUCT_NAME = "$(TARGET_NAME)";
				SUPPORTED_PLATFORMS = "iphoneos iphonesimulator";
				SUPPORTS_MACCATALYST = NO;
				SUPPORTS_MAC_DESIGNED_FOR_IPHONE_IPAD = NO;
				SUPPORTS_XR_DESIGNED_FOR_IPHONE_IPAD = NO;
				SWIFT_EMIT_LOC_STRINGS = YES;
				SWIFT_VERSION = 5.0;
				TARGETED_DEVICE_FAMILY = 1;
			};
			name = Debug;
		};
		CB9C91A42C45574D001A08ED /* Release */ = {
			isa = XCBuildConfiguration;
			buildSettings = {
				ASSETCATALOG_COMPILER_APPICON_NAME = AppIcon;
				ASSETCATALOG_COMPILER_GLOBAL_ACCENT_COLOR_NAME = AccentColor;
				CODE_SIGN_STYLE = Automatic;
				CURRENT_PROJECT_VERSION = 1;
				DEVELOPMENT_ASSET_PATHS = "\"Pillyze/Preview Content\"";
				DEVELOPMENT_TEAM = 34STBCNCDG;
				ENABLE_PREVIEWS = YES;
				GENERATE_INFOPLIST_FILE = YES;
				INFOPLIST_KEY_UIApplicationSceneManifest_Generation = YES;
				INFOPLIST_KEY_UIApplicationSupportsIndirectInputEvents = YES;
				INFOPLIST_KEY_UILaunchScreen_Generation = YES;
				INFOPLIST_KEY_UISupportedInterfaceOrientations_iPad = "UIInterfaceOrientationPortrait UIInterfaceOrientationPortraitUpsideDown UIInterfaceOrientationLandscapeLeft UIInterfaceOrientationLandscapeRight";
				INFOPLIST_KEY_UISupportedInterfaceOrientations_iPhone = "UIInterfaceOrientationPortrait UIInterfaceOrientationLandscapeLeft UIInterfaceOrientationLandscapeRight";
				IPHONEOS_DEPLOYMENT_TARGET = 16.0;
				LD_RUNPATH_SEARCH_PATHS = (
					"$(inherited)",
					"@executable_path/Frameworks",
				);
				MARKETING_VERSION = 1.0;
				PRODUCT_BUNDLE_IDENTIFIER = com.gmail.junbok97.Pillyze;
				PRODUCT_NAME = "$(TARGET_NAME)";
				SUPPORTED_PLATFORMS = "iphoneos iphonesimulator";
				SUPPORTS_MACCATALYST = NO;
				SUPPORTS_MAC_DESIGNED_FOR_IPHONE_IPAD = NO;
				SUPPORTS_XR_DESIGNED_FOR_IPHONE_IPAD = NO;
				SWIFT_EMIT_LOC_STRINGS = YES;
				SWIFT_VERSION = 5.0;
				TARGETED_DEVICE_FAMILY = 1;
			};
			name = Release;
		};
/* End XCBuildConfiguration section */

/* Begin XCConfigurationList section */
		CB9C918F2C45574C001A08ED /* Build configuration list for PBXProject "Pillyze" */ = {
			isa = XCConfigurationList;
			buildConfigurations = (
				CB9C91A02C45574D001A08ED /* Debug */,
				CB9C91A12C45574D001A08ED /* Release */,
			);
			defaultConfigurationIsVisible = 0;
			defaultConfigurationName = Release;
		};
		CB9C91A22C45574D001A08ED /* Build configuration list for PBXNativeTarget "Pillyze" */ = {
			isa = XCConfigurationList;
			buildConfigurations = (
				CB9C91A32C45574D001A08ED /* Debug */,
				CB9C91A42C45574D001A08ED /* Release */,
			);
			defaultConfigurationIsVisible = 0;
			defaultConfigurationName = Release;
		};
/* End XCConfigurationList section */
	};
	rootObject = CB9C918C2C45574C001A08ED /* Project object */;
}
