// !$*UTF8*$!
{
	archiveVersion = 1;
	classes = {
	};
	objectVersion = 56;
	objects = {

/* Begin PBXBuildFile section */
		CB14B8562C68C102004590B4 /* FeatureCard.swift in Sources */ = {isa = PBXBuildFile; fileRef = CB14B8552C68C102004590B4 /* FeatureCard.swift */; };
		CB14B8582C68C13A004590B4 /* PageView.swift in Sources */ = {isa = PBXBuildFile; fileRef = CB14B8572C68C13A004590B4 /* PageView.swift */; };
		CB35E1732C36A1A3005F3FB0 /* CircleImage.swift in Sources */ = {isa = PBXBuildFile; fileRef = CB35E1722C36A1A3005F3FB0 /* CircleImage.swift */; };
		CB35E1752C36A241005F3FB0 /* MapView.swift in Sources */ = {isa = PBXBuildFile; fileRef = CB35E1742C36A241005F3FB0 /* MapView.swift */; };
		CB35E1772C36A41B005F3FB0 /* landmarkData.json in Resources */ = {isa = PBXBuildFile; fileRef = CB35E1762C36A41B005F3FB0 /* landmarkData.json */; };
		CB35E17B2C36A443005F3FB0 /* Landmark.swift in Sources */ = {isa = PBXBuildFile; fileRef = CB35E17A2C36A443005F3FB0 /* Landmark.swift */; };
		CB35E17D2C36A582005F3FB0 /* ModelData.swift in Sources */ = {isa = PBXBuildFile; fileRef = CB35E17C2C36A582005F3FB0 /* ModelData.swift */; };
		CB35E1822C36A5E9005F3FB0 /* LandmarkRow.swift in Sources */ = {isa = PBXBuildFile; fileRef = CB35E1812C36A5E9005F3FB0 /* LandmarkRow.swift */; };
		CB35E1842C36A7B2005F3FB0 /* LandmarkList.swift in Sources */ = {isa = PBXBuildFile; fileRef = CB35E1832C36A7B2005F3FB0 /* LandmarkList.swift */; };
		CB35E1862C36A817005F3FB0 /* LandmarkDetail.swift in Sources */ = {isa = PBXBuildFile; fileRef = CB35E1852C36A817005F3FB0 /* LandmarkDetail.swift */; };
		CB3B08762C329E150020B63E /* LandmarksApp.swift in Sources */ = {isa = PBXBuildFile; fileRef = CB3B08752C329E150020B63E /* LandmarksApp.swift */; };
		CB3B08782C329E150020B63E /* ContentView.swift in Sources */ = {isa = PBXBuildFile; fileRef = CB3B08772C329E150020B63E /* ContentView.swift */; };
		CB3B087A2C329E160020B63E /* Assets.xcassets in Resources */ = {isa = PBXBuildFile; fileRef = CB3B08792C329E160020B63E /* Assets.xcassets */; };
		CB3B087D2C329E160020B63E /* Preview Assets.xcassets in Resources */ = {isa = PBXBuildFile; fileRef = CB3B087C2C329E160020B63E /* Preview Assets.xcassets */; };
		CB5AA78E2C3BF1A900ECADD8 /* Badge.swift in Sources */ = {isa = PBXBuildFile; fileRef = CB5AA7882C3BF1A900ECADD8 /* Badge.swift */; };
		CB5AA78F2C3BF1A900ECADD8 /* BadgeBackground.swift in Sources */ = {isa = PBXBuildFile; fileRef = CB5AA7892C3BF1A900ECADD8 /* BadgeBackground.swift */; };
		CB5AA7902C3BF1A900ECADD8 /* BadgeSymbol.swift in Sources */ = {isa = PBXBuildFile; fileRef = CB5AA78A2C3BF1A900ECADD8 /* BadgeSymbol.swift */; };
		CB5AA7912C3BF1A900ECADD8 /* HexagonParameters.swift in Sources */ = {isa = PBXBuildFile; fileRef = CB5AA78B2C3BF1A900ECADD8 /* HexagonParameters.swift */; };
		CB5AA7922C3BF1A900ECADD8 /* RotatedBadgeSymbol.swift in Sources */ = {isa = PBXBuildFile; fileRef = CB5AA78C2C3BF1A900ECADD8 /* RotatedBadgeSymbol.swift */; };
		CB5AA7942C3BF21500ECADD8 /* hikeData.json in Resources */ = {isa = PBXBuildFile; fileRef = CB5AA7932C3BF21500ECADD8 /* hikeData.json */; };
		CB5AA79A2C3BF22E00ECADD8 /* GraphCapsule.swift in Sources */ = {isa = PBXBuildFile; fileRef = CB5AA7952C3BF22E00ECADD8 /* GraphCapsule.swift */; };
		CB5AA79B2C3BF22E00ECADD8 /* HikeDetail.swift in Sources */ = {isa = PBXBuildFile; fileRef = CB5AA7962C3BF22E00ECADD8 /* HikeDetail.swift */; };
		CB5AA79C2C3BF22E00ECADD8 /* HikeGraph.swift in Sources */ = {isa = PBXBuildFile; fileRef = CB5AA7972C3BF22E00ECADD8 /* HikeGraph.swift */; };
		CB5AA79D2C3BF22E00ECADD8 /* HikeView.swift in Sources */ = {isa = PBXBuildFile; fileRef = CB5AA7982C3BF22E00ECADD8 /* HikeView.swift */; };
		CB5AA79F2C3BF23E00ECADD8 /* Hike.swift in Sources */ = {isa = PBXBuildFile; fileRef = CB5AA79E2C3BF23E00ECADD8 /* Hike.swift */; };
		CB5AA7A22C3C303500ECADD8 /* CategoryHome.swift in Sources */ = {isa = PBXBuildFile; fileRef = CB5AA7A12C3C303500ECADD8 /* CategoryHome.swift */; };
		CB5AA7A42C3C311C00ECADD8 /* CategoryRow.swift in Sources */ = {isa = PBXBuildFile; fileRef = CB5AA7A32C3C311C00ECADD8 /* CategoryRow.swift */; };
		CB5AA7A62C3C315300ECADD8 /* CategoryItem.swift in Sources */ = {isa = PBXBuildFile; fileRef = CB5AA7A52C3C315300ECADD8 /* CategoryItem.swift */; };
		CB5AA7A82C3C335F00ECADD8 /* Profile.swift in Sources */ = {isa = PBXBuildFile; fileRef = CB5AA7A72C3C335F00ECADD8 /* Profile.swift */; };
		CB5AA7AB2C3C337800ECADD8 /* ProfileHost.swift in Sources */ = {isa = PBXBuildFile; fileRef = CB5AA7AA2C3C337800ECADD8 /* ProfileHost.swift */; };
		CB5AA7AD2C3C33AB00ECADD8 /* ProfileSummary.swift in Sources */ = {isa = PBXBuildFile; fileRef = CB5AA7AC2C3C33AB00ECADD8 /* ProfileSummary.swift */; };
		CB5AA7AF2C3C345B00ECADD8 /* HikeBadge.swift in Sources */ = {isa = PBXBuildFile; fileRef = CB5AA7AE2C3C345B00ECADD8 /* HikeBadge.swift */; };
		CB5AA7B12C3C353100ECADD8 /* ProfileEditor.swift in Sources */ = {isa = PBXBuildFile; fileRef = CB5AA7B02C3C353100ECADD8 /* ProfileEditor.swift */; };
		CB60F47E2C3AC38800113FF0 /* FavoriteButton.swift in Sources */ = {isa = PBXBuildFile; fileRef = CB60F47D2C3AC38800113FF0 /* FavoriteButton.swift */; };
		CB84F9B62C4E7F8F00A96CD2 /* PageViewController.swift in Sources */ = {isa = PBXBuildFile; fileRef = CB84F9B52C4E7F8F00A96CD2 /* PageViewController.swift */; };
		CB8ADC112C68C39B005974EC /* PageControl.swift in Sources */ = {isa = PBXBuildFile; fileRef = CB8ADC102C68C39B005974EC /* PageControl.swift */; };
/* End PBXBuildFile section */

/* Begin PBXFileReference section */
		CB14B8552C68C102004590B4 /* FeatureCard.swift */ = {isa = PBXFileReference; lastKnownFileType = sourcecode.swift; path = FeatureCard.swift; sourceTree = "<group>"; };
		CB14B8572C68C13A004590B4 /* PageView.swift */ = {isa = PBXFileReference; lastKnownFileType = sourcecode.swift; path = PageView.swift; sourceTree = "<group>"; };
		CB35E1722C36A1A3005F3FB0 /* CircleImage.swift */ = {isa = PBXFileReference; lastKnownFileType = sourcecode.swift; path = CircleImage.swift; sourceTree = "<group>"; };
		CB35E1742C36A241005F3FB0 /* MapView.swift */ = {isa = PBXFileReference; lastKnownFileType = sourcecode.swift; path = MapView.swift; sourceTree = "<group>"; };
		CB35E1762C36A41B005F3FB0 /* landmarkData.json */ = {isa = PBXFileReference; fileEncoding = 4; lastKnownFileType = text.json; path = landmarkData.json; sourceTree = "<group>"; };
		CB35E17A2C36A443005F3FB0 /* Landmark.swift */ = {isa = PBXFileReference; lastKnownFileType = sourcecode.swift; path = Landmark.swift; sourceTree = "<group>"; };
		CB35E17C2C36A582005F3FB0 /* ModelData.swift */ = {isa = PBXFileReference; lastKnownFileType = sourcecode.swift; path = ModelData.swift; sourceTree = "<group>"; };
		CB35E1812C36A5E9005F3FB0 /* LandmarkRow.swift */ = {isa = PBXFileReference; lastKnownFileType = sourcecode.swift; path = LandmarkRow.swift; sourceTree = "<group>"; };
		CB35E1832C36A7B2005F3FB0 /* LandmarkList.swift */ = {isa = PBXFileReference; lastKnownFileType = sourcecode.swift; path = LandmarkList.swift; sourceTree = "<group>"; };
		CB35E1852C36A817005F3FB0 /* LandmarkDetail.swift */ = {isa = PBXFileReference; lastKnownFileType = sourcecode.swift; path = LandmarkDetail.swift; sourceTree = "<group>"; };
		CB3B08722C329E150020B63E /* Landmarks.app */ = {isa = PBXFileReference; explicitFileType = wrapper.application; includeInIndex = 0; path = Landmarks.app; sourceTree = BUILT_PRODUCTS_DIR; };
		CB3B08752C329E150020B63E /* LandmarksApp.swift */ = {isa = PBXFileReference; lastKnownFileType = sourcecode.swift; path = LandmarksApp.swift; sourceTree = "<group>"; };
		CB3B08772C329E150020B63E /* ContentView.swift */ = {isa = PBXFileReference; lastKnownFileType = sourcecode.swift; path = ContentView.swift; sourceTree = "<group>"; };
		CB3B08792C329E160020B63E /* Assets.xcassets */ = {isa = PBXFileReference; lastKnownFileType = folder.assetcatalog; path = Assets.xcassets; sourceTree = "<group>"; };
		CB3B087C2C329E160020B63E /* Preview Assets.xcassets */ = {isa = PBXFileReference; lastKnownFileType = folder.assetcatalog; path = "Preview Assets.xcassets"; sourceTree = "<group>"; };
		CB5AA7882C3BF1A900ECADD8 /* Badge.swift */ = {isa = PBXFileReference; fileEncoding = 4; lastKnownFileType = sourcecode.swift; path = Badge.swift; sourceTree = "<group>"; };
		CB5AA7892C3BF1A900ECADD8 /* BadgeBackground.swift */ = {isa = PBXFileReference; fileEncoding = 4; lastKnownFileType = sourcecode.swift; path = BadgeBackground.swift; sourceTree = "<group>"; };
		CB5AA78A2C3BF1A900ECADD8 /* BadgeSymbol.swift */ = {isa = PBXFileReference; fileEncoding = 4; lastKnownFileType = sourcecode.swift; path = BadgeSymbol.swift; sourceTree = "<group>"; };
		CB5AA78B2C3BF1A900ECADD8 /* HexagonParameters.swift */ = {isa = PBXFileReference; fileEncoding = 4; lastKnownFileType = sourcecode.swift; path = HexagonParameters.swift; sourceTree = "<group>"; };
		CB5AA78C2C3BF1A900ECADD8 /* RotatedBadgeSymbol.swift */ = {isa = PBXFileReference; fileEncoding = 4; lastKnownFileType = sourcecode.swift; path = RotatedBadgeSymbol.swift; sourceTree = "<group>"; };
		CB5AA7932C3BF21500ECADD8 /* hikeData.json */ = {isa = PBXFileReference; fileEncoding = 4; lastKnownFileType = text.json; path = hikeData.json; sourceTree = "<group>"; };
		CB5AA7952C3BF22E00ECADD8 /* GraphCapsule.swift */ = {isa = PBXFileReference; fileEncoding = 4; lastKnownFileType = sourcecode.swift; path = GraphCapsule.swift; sourceTree = "<group>"; };
		CB5AA7962C3BF22E00ECADD8 /* HikeDetail.swift */ = {isa = PBXFileReference; fileEncoding = 4; lastKnownFileType = sourcecode.swift; path = HikeDetail.swift; sourceTree = "<group>"; };
		CB5AA7972C3BF22E00ECADD8 /* HikeGraph.swift */ = {isa = PBXFileReference; fileEncoding = 4; lastKnownFileType = sourcecode.swift; path = HikeGraph.swift; sourceTree = "<group>"; };
		CB5AA7982C3BF22E00ECADD8 /* HikeView.swift */ = {isa = PBXFileReference; fileEncoding = 4; lastKnownFileType = sourcecode.swift; path = HikeView.swift; sourceTree = "<group>"; };
		CB5AA79E2C3BF23E00ECADD8 /* Hike.swift */ = {isa = PBXFileReference; fileEncoding = 4; lastKnownFileType = sourcecode.swift; path = Hike.swift; sourceTree = "<group>"; };
		CB5AA7A12C3C303500ECADD8 /* CategoryHome.swift */ = {isa = PBXFileReference; lastKnownFileType = sourcecode.swift; path = CategoryHome.swift; sourceTree = "<group>"; };
		CB5AA7A32C3C311C00ECADD8 /* CategoryRow.swift */ = {isa = PBXFileReference; lastKnownFileType = sourcecode.swift; path = CategoryRow.swift; sourceTree = "<group>"; };
		CB5AA7A52C3C315300ECADD8 /* CategoryItem.swift */ = {isa = PBXFileReference; lastKnownFileType = sourcecode.swift; path = CategoryItem.swift; sourceTree = "<group>"; };
		CB5AA7A72C3C335F00ECADD8 /* Profile.swift */ = {isa = PBXFileReference; lastKnownFileType = sourcecode.swift; path = Profile.swift; sourceTree = "<group>"; };
		CB5AA7AA2C3C337800ECADD8 /* ProfileHost.swift */ = {isa = PBXFileReference; lastKnownFileType = sourcecode.swift; path = ProfileHost.swift; sourceTree = "<group>"; };
		CB5AA7AC2C3C33AB00ECADD8 /* ProfileSummary.swift */ = {isa = PBXFileReference; lastKnownFileType = sourcecode.swift; path = ProfileSummary.swift; sourceTree = "<group>"; };
		CB5AA7AE2C3C345B00ECADD8 /* HikeBadge.swift */ = {isa = PBXFileReference; lastKnownFileType = sourcecode.swift; path = HikeBadge.swift; sourceTree = "<group>"; };
		CB5AA7B02C3C353100ECADD8 /* ProfileEditor.swift */ = {isa = PBXFileReference; lastKnownFileType = sourcecode.swift; path = ProfileEditor.swift; sourceTree = "<group>"; };
		CB60F47D2C3AC38800113FF0 /* FavoriteButton.swift */ = {isa = PBXFileReference; lastKnownFileType = sourcecode.swift; path = FavoriteButton.swift; sourceTree = "<group>"; };
		CB84F9B52C4E7F8F00A96CD2 /* PageViewController.swift */ = {isa = PBXFileReference; lastKnownFileType = sourcecode.swift; path = PageViewController.swift; sourceTree = "<group>"; };
		CB8ADC102C68C39B005974EC /* PageControl.swift */ = {isa = PBXFileReference; lastKnownFileType = sourcecode.swift; path = PageControl.swift; sourceTree = "<group>"; };
/* End PBXFileReference section */

/* Begin PBXFrameworksBuildPhase section */
		CB3B086F2C329E150020B63E /* Frameworks */ = {
			isa = PBXFrameworksBuildPhase;
			buildActionMask = 2147483647;
			files = (
			);
			runOnlyForDeploymentPostprocessing = 0;
		};
/* End PBXFrameworksBuildPhase section */

/* Begin PBXGroup section */
		CB35E17E2C36A5AA005F3FB0 /* Views */ = {
			isa = PBXGroup;
			children = (
				CB3B08772C329E150020B63E /* ContentView.swift */,
				CB84F9B42C4E7F8900A96CD2 /* PageView */,
				CB5AA7A92C3C336D00ECADD8 /* Profiles */,
				CB5AA7A02C3C302D00ECADD8 /* Categories */,
				CB5AA7992C3BF22E00ECADD8 /* Hikes */,
				CB5AA78D2C3BF1A900ECADD8 /* Badges */,
				CB60F47F2C3AC43800113FF0 /* Landmarks */,
				CB60F4802C3AC44000113FF0 /* Hepler */,
			);
			path = Views;
			sourceTree = "<group>";
		};
		CB35E17F2C36A5AC005F3FB0 /* Models */ = {
			isa = PBXGroup;
			children = (
				CB35E17C2C36A582005F3FB0 /* ModelData.swift */,
				CB35E17A2C36A443005F3FB0 /* Landmark.swift */,
				CB5AA79E2C3BF23E00ECADD8 /* Hike.swift */,
				CB5AA7A72C3C335F00ECADD8 /* Profile.swift */,
			);
			path = Models;
			sourceTree = "<group>";
		};
		CB35E1802C36A5AF005F3FB0 /* Resources */ = {
			isa = PBXGroup;
			children = (
				CB5AA7932C3BF21500ECADD8 /* hikeData.json */,
				CB35E1762C36A41B005F3FB0 /* landmarkData.json */,
			);
			path = Resources;
			sourceTree = "<group>";
		};
		CB3B08692C329E150020B63E = {
			isa = PBXGroup;
			children = (
				CB3B08742C329E150020B63E /* Landmarks */,
				CB3B08732C329E150020B63E /* Products */,
			);
			sourceTree = "<group>";
		};
		CB3B08732C329E150020B63E /* Products */ = {
			isa = PBXGroup;
			children = (
				CB3B08722C329E150020B63E /* Landmarks.app */,
			);
			name = Products;
			sourceTree = "<group>";
		};
		CB3B08742C329E150020B63E /* Landmarks */ = {
			isa = PBXGroup;
			children = (
				CB3B08752C329E150020B63E /* LandmarksApp.swift */,
				CB35E17F2C36A5AC005F3FB0 /* Models */,
				CB35E17E2C36A5AA005F3FB0 /* Views */,
				CB35E1802C36A5AF005F3FB0 /* Resources */,
				CB3B08792C329E160020B63E /* Assets.xcassets */,
				CB3B087B2C329E160020B63E /* Preview Content */,
			);
			path = Landmarks;
			sourceTree = "<group>";
		};
		CB3B087B2C329E160020B63E /* Preview Content */ = {
			isa = PBXGroup;
			children = (
				CB3B087C2C329E160020B63E /* Preview Assets.xcassets */,
			);
			path = "Preview Content";
			sourceTree = "<group>";
		};
		CB5AA78D2C3BF1A900ECADD8 /* Badges */ = {
			isa = PBXGroup;
			children = (
				CB5AA7882C3BF1A900ECADD8 /* Badge.swift */,
				CB5AA7892C3BF1A900ECADD8 /* BadgeBackground.swift */,
				CB5AA78A2C3BF1A900ECADD8 /* BadgeSymbol.swift */,
				CB5AA78B2C3BF1A900ECADD8 /* HexagonParameters.swift */,
				CB5AA78C2C3BF1A900ECADD8 /* RotatedBadgeSymbol.swift */,
			);
			path = Badges;
			sourceTree = "<group>";
		};
		CB5AA7992C3BF22E00ECADD8 /* Hikes */ = {
			isa = PBXGroup;
			children = (
				CB5AA7952C3BF22E00ECADD8 /* GraphCapsule.swift */,
				CB5AA7962C3BF22E00ECADD8 /* HikeDetail.swift */,
				CB5AA7972C3BF22E00ECADD8 /* HikeGraph.swift */,
				CB5AA7982C3BF22E00ECADD8 /* HikeView.swift */,
				CB5AA7AE2C3C345B00ECADD8 /* HikeBadge.swift */,
			);
			path = Hikes;
			sourceTree = "<group>";
		};
		CB5AA7A02C3C302D00ECADD8 /* Categories */ = {
			isa = PBXGroup;
			children = (
				CB5AA7A12C3C303500ECADD8 /* CategoryHome.swift */,
				CB5AA7A32C3C311C00ECADD8 /* CategoryRow.swift */,
				CB5AA7A52C3C315300ECADD8 /* CategoryItem.swift */,
			);
			path = Categories;
			sourceTree = "<group>";
		};
		CB5AA7A92C3C336D00ECADD8 /* Profiles */ = {
			isa = PBXGroup;
			children = (
				CB5AA7AA2C3C337800ECADD8 /* ProfileHost.swift */,
				CB5AA7AC2C3C33AB00ECADD8 /* ProfileSummary.swift */,
				CB5AA7B02C3C353100ECADD8 /* ProfileEditor.swift */,
			);
			path = Profiles;
			sourceTree = "<group>";
		};
		CB60F47F2C3AC43800113FF0 /* Landmarks */ = {
			isa = PBXGroup;
			children = (
				CB35E1832C36A7B2005F3FB0 /* LandmarkList.swift */,
				CB35E1852C36A817005F3FB0 /* LandmarkDetail.swift */,
				CB35E1812C36A5E9005F3FB0 /* LandmarkRow.swift */,
			);
			path = Landmarks;
			sourceTree = "<group>";
		};
		CB60F4802C3AC44000113FF0 /* Hepler */ = {
			isa = PBXGroup;
			children = (
				CB35E1722C36A1A3005F3FB0 /* CircleImage.swift */,
				CB35E1742C36A241005F3FB0 /* MapView.swift */,
				CB60F47D2C3AC38800113FF0 /* FavoriteButton.swift */,
			);
			path = Hepler;
			sourceTree = "<group>";
		};
		CB84F9B42C4E7F8900A96CD2 /* PageView */ = {
			isa = PBXGroup;
			children = (
				CB14B8552C68C102004590B4 /* FeatureCard.swift */,
				CB14B8572C68C13A004590B4 /* PageView.swift */,
				CB84F9B52C4E7F8F00A96CD2 /* PageViewController.swift */,
				CB8ADC102C68C39B005974EC /* PageControl.swift */,
			);
			path = PageView;
			sourceTree = "<group>";
		};
/* End PBXGroup section */

/* Begin PBXNativeTarget section */
		CB3B08712C329E150020B63E /* Landmarks */ = {
			isa = PBXNativeTarget;
			buildConfigurationList = CB3B08802C329E160020B63E /* Build configuration list for PBXNativeTarget "Landmarks" */;
			buildPhases = (
				CB3B086E2C329E150020B63E /* Sources */,
				CB3B086F2C329E150020B63E /* Frameworks */,
				CB3B08702C329E150020B63E /* Resources */,
			);
			buildRules = (
			);
			dependencies = (
			);
			name = Landmarks;
			productName = Landmarks;
			productReference = CB3B08722C329E150020B63E /* Landmarks.app */;
			productType = "com.apple.product-type.application";
		};
/* End PBXNativeTarget section */

/* Begin PBXProject section */
		CB3B086A2C329E150020B63E /* Project object */ = {
			isa = PBXProject;
			attributes = {
				BuildIndependentTargetsInParallel = 1;
				LastSwiftUpdateCheck = 1540;
				LastUpgradeCheck = 1540;
				TargetAttributes = {
					CB3B08712C329E150020B63E = {
						CreatedOnToolsVersion = 15.4;
					};
				};
			};
			buildConfigurationList = CB3B086D2C329E150020B63E /* Build configuration list for PBXProject "Landmarks" */;
			compatibilityVersion = "Xcode 14.0";
			developmentRegion = en;
			hasScannedForEncodings = 0;
			knownRegions = (
				en,
				Base,
			);
			mainGroup = CB3B08692C329E150020B63E;
			productRefGroup = CB3B08732C329E150020B63E /* Products */;
			projectDirPath = "";
			projectRoot = "";
			targets = (
				CB3B08712C329E150020B63E /* Landmarks */,
			);
		};
/* End PBXProject section */

/* Begin PBXResourcesBuildPhase section */
		CB3B08702C329E150020B63E /* Resources */ = {
			isa = PBXResourcesBuildPhase;
			buildActionMask = 2147483647;
			files = (
				CB5AA7942C3BF21500ECADD8 /* hikeData.json in Resources */,
				CB3B087D2C329E160020B63E /* Preview Assets.xcassets in Resources */,
				CB3B087A2C329E160020B63E /* Assets.xcassets in Resources */,
				CB35E1772C36A41B005F3FB0 /* landmarkData.json in Resources */,
			);
			runOnlyForDeploymentPostprocessing = 0;
		};
/* End PBXResourcesBuildPhase section */

/* Begin PBXSourcesBuildPhase section */
		CB3B086E2C329E150020B63E /* Sources */ = {
			isa = PBXSourcesBuildPhase;
			buildActionMask = 2147483647;
			files = (
				CB5AA7A42C3C311C00ECADD8 /* CategoryRow.swift in Sources */,
				CB5AA7A82C3C335F00ECADD8 /* Profile.swift in Sources */,
				CB5AA7912C3BF1A900ECADD8 /* HexagonParameters.swift in Sources */,
				CB5AA7A22C3C303500ECADD8 /* CategoryHome.swift in Sources */,
				CB14B8562C68C102004590B4 /* FeatureCard.swift in Sources */,
				CB5AA79C2C3BF22E00ECADD8 /* HikeGraph.swift in Sources */,
				CB3B08782C329E150020B63E /* ContentView.swift in Sources */,
				CB5AA78E2C3BF1A900ECADD8 /* Badge.swift in Sources */,
				CB5AA79D2C3BF22E00ECADD8 /* HikeView.swift in Sources */,
				CB35E1752C36A241005F3FB0 /* MapView.swift in Sources */,
				CB8ADC112C68C39B005974EC /* PageControl.swift in Sources */,
				CB3B08762C329E150020B63E /* LandmarksApp.swift in Sources */,
				CB5AA7A62C3C315300ECADD8 /* CategoryItem.swift in Sources */,
				CB60F47E2C3AC38800113FF0 /* FavoriteButton.swift in Sources */,
				CB5AA7AD2C3C33AB00ECADD8 /* ProfileSummary.swift in Sources */,
				CB35E1842C36A7B2005F3FB0 /* LandmarkList.swift in Sources */,
				CB5AA7AB2C3C337800ECADD8 /* ProfileHost.swift in Sources */,
				CB5AA7902C3BF1A900ECADD8 /* BadgeSymbol.swift in Sources */,
				CB5AA79F2C3BF23E00ECADD8 /* Hike.swift in Sources */,
				CB14B8582C68C13A004590B4 /* PageView.swift in Sources */,
				CB5AA79B2C3BF22E00ECADD8 /* HikeDetail.swift in Sources */,
				CB5AA7B12C3C353100ECADD8 /* ProfileEditor.swift in Sources */,
				CB35E1862C36A817005F3FB0 /* LandmarkDetail.swift in Sources */,
				CB5AA78F2C3BF1A900ECADD8 /* BadgeBackground.swift in Sources */,
				CB35E1732C36A1A3005F3FB0 /* CircleImage.swift in Sources */,
				CB84F9B62C4E7F8F00A96CD2 /* PageViewController.swift in Sources */,
				CB35E17B2C36A443005F3FB0 /* Landmark.swift in Sources */,
				CB5AA7AF2C3C345B00ECADD8 /* HikeBadge.swift in Sources */,
				CB5AA79A2C3BF22E00ECADD8 /* GraphCapsule.swift in Sources */,
				CB35E1822C36A5E9005F3FB0 /* LandmarkRow.swift in Sources */,
				CB35E17D2C36A582005F3FB0 /* ModelData.swift in Sources */,
				CB5AA7922C3BF1A900ECADD8 /* RotatedBadgeSymbol.swift in Sources */,
			);
			runOnlyForDeploymentPostprocessing = 0;
		};
/* End PBXSourcesBuildPhase section */

/* Begin XCBuildConfiguration section */
		CB3B087E2C329E160020B63E /* Debug */ = {
			isa = XCBuildConfiguration;
			buildSettings = {
				ALWAYS_SEARCH_USER_PATHS = NO;
				ASSETCATALOG_COMPILER_GENERATE_SWIFT_ASSET_SYMBOL_EXTENSIONS = YES;
				CLANG_ANALYZER_NONNULL = YES;
				CLANG_ANALYZER_NUMBER_OBJECT_CONVERSION = YES_AGGRESSIVE;
				CLANG_CXX_LANGUAGE_STANDARD = "gnu++20";
				CLANG_ENABLE_MODULES = YES;
				CLANG_ENABLE_OBJC_ARC = YES;
				CLANG_ENABLE_OBJC_WEAK = YES;
				CLANG_WARN_BLOCK_CAPTURE_AUTORELEASING = YES;
				CLANG_WARN_BOOL_CONVERSION = YES;
				CLANG_WARN_COMMA = YES;
				CLANG_WARN_CONSTANT_CONVERSION = YES;
				CLANG_WARN_DEPRECATED_OBJC_IMPLEMENTATIONS = YES;
				CLANG_WARN_DIRECT_OBJC_ISA_USAGE = YES_ERROR;
				CLANG_WARN_DOCUMENTATION_COMMENTS = YES;
				CLANG_WARN_EMPTY_BODY = YES;
				CLANG_WARN_ENUM_CONVERSION = YES;
				CLANG_WARN_INFINITE_RECURSION = YES;
				CLANG_WARN_INT_CONVERSION = YES;
				CLANG_WARN_NON_LITERAL_NULL_CONVERSION = YES;
				CLANG_WARN_OBJC_IMPLICIT_RETAIN_SELF = YES;
				CLANG_WARN_OBJC_LITERAL_CONVERSION = YES;
				CLANG_WARN_OBJC_ROOT_CLASS = YES_ERROR;
				CLANG_WARN_QUOTED_INCLUDE_IN_FRAMEWORK_HEADER = YES;
				CLANG_WARN_RANGE_LOOP_ANALYSIS = YES;
				CLANG_WARN_STRICT_PROTOTYPES = YES;
				CLANG_WARN_SUSPICIOUS_MOVE = YES;
				CLANG_WARN_UNGUARDED_AVAILABILITY = YES_AGGRESSIVE;
				CLANG_WARN_UNREACHABLE_CODE = YES;
				CLANG_WARN__DUPLICATE_METHOD_MATCH = YES;
				COPY_PHASE_STRIP = NO;
				DEBUG_INFORMATION_FORMAT = dwarf;
				ENABLE_STRICT_OBJC_MSGSEND = YES;
				ENABLE_TESTABILITY = YES;
				ENABLE_USER_SCRIPT_SANDBOXING = YES;
				GCC_C_LANGUAGE_STANDARD = gnu17;
				GCC_DYNAMIC_NO_PIC = NO;
				GCC_NO_COMMON_BLOCKS = YES;
				GCC_OPTIMIZATION_LEVEL = 0;
				GCC_PREPROCESSOR_DEFINITIONS = (
					"DEBUG=1",
					"$(inherited)",
				);
				GCC_WARN_64_TO_32_BIT_CONVERSION = YES;
				GCC_WARN_ABOUT_RETURN_TYPE = YES_ERROR;
				GCC_WARN_UNDECLARED_SELECTOR = YES;
				GCC_WARN_UNINITIALIZED_AUTOS = YES_AGGRESSIVE;
				GCC_WARN_UNUSED_FUNCTION = YES;
				GCC_WARN_UNUSED_VARIABLE = YES;
				IPHONEOS_DEPLOYMENT_TARGET = 17.5;
				LOCALIZATION_PREFERS_STRING_CATALOGS = YES;
				MTL_ENABLE_DEBUG_INFO = INCLUDE_SOURCE;
				MTL_FAST_MATH = YES;
				ONLY_ACTIVE_ARCH = YES;
				SDKROOT = iphoneos;
				SWIFT_ACTIVE_COMPILATION_CONDITIONS = "DEBUG $(inherited)";
				SWIFT_OPTIMIZATION_LEVEL = "-Onone";
			};
			name = Debug;
		};
		CB3B087F2C329E160020B63E /* Release */ = {
			isa = XCBuildConfiguration;
			buildSettings = {
				ALWAYS_SEARCH_USER_PATHS = NO;
				ASSETCATALOG_COMPILER_GENERATE_SWIFT_ASSET_SYMBOL_EXTENSIONS = YES;
				CLANG_ANALYZER_NONNULL = YES;
				CLANG_ANALYZER_NUMBER_OBJECT_CONVERSION = YES_AGGRESSIVE;
				CLANG_CXX_LANGUAGE_STANDARD = "gnu++20";
				CLANG_ENABLE_MODULES = YES;
				CLANG_ENABLE_OBJC_ARC = YES;
				CLANG_ENABLE_OBJC_WEAK = YES;
				CLANG_WARN_BLOCK_CAPTURE_AUTORELEASING = YES;
				CLANG_WARN_BOOL_CONVERSION = YES;
				CLANG_WARN_COMMA = YES;
				CLANG_WARN_CONSTANT_CONVERSION = YES;
				CLANG_WARN_DEPRECATED_OBJC_IMPLEMENTATIONS = YES;
				CLANG_WARN_DIRECT_OBJC_ISA_USAGE = YES_ERROR;
				CLANG_WARN_DOCUMENTATION_COMMENTS = YES;
				CLANG_WARN_EMPTY_BODY = YES;
				CLANG_WARN_ENUM_CONVERSION = YES;
				CLANG_WARN_INFINITE_RECURSION = YES;
				CLANG_WARN_INT_CONVERSION = YES;
				CLANG_WARN_NON_LITERAL_NULL_CONVERSION = YES;
				CLANG_WARN_OBJC_IMPLICIT_RETAIN_SELF = YES;
				CLANG_WARN_OBJC_LITERAL_CONVERSION = YES;
				CLANG_WARN_OBJC_ROOT_CLASS = YES_ERROR;
				CLANG_WARN_QUOTED_INCLUDE_IN_FRAMEWORK_HEADER = YES;
				CLANG_WARN_RANGE_LOOP_ANALYSIS = YES;
				CLANG_WARN_STRICT_PROTOTYPES = YES;
				CLANG_WARN_SUSPICIOUS_MOVE = YES;
				CLANG_WARN_UNGUARDED_AVAILABILITY = YES_AGGRESSIVE;
				CLANG_WARN_UNREACHABLE_CODE = YES;
				CLANG_WARN__DUPLICATE_METHOD_MATCH = YES;
				COPY_PHASE_STRIP = NO;
				DEBUG_INFORMATION_FORMAT = "dwarf-with-dsym";
				ENABLE_NS_ASSERTIONS = NO;
				ENABLE_STRICT_OBJC_MSGSEND = YES;
				ENABLE_USER_SCRIPT_SANDBOXING = YES;
				GCC_C_LANGUAGE_STANDARD = gnu17;
				GCC_NO_COMMON_BLOCKS = YES;
				GCC_WARN_64_TO_32_BIT_CONVERSION = YES;
				GCC_WARN_ABOUT_RETURN_TYPE = YES_ERROR;
				GCC_WARN_UNDECLARED_SELECTOR = YES;
				GCC_WARN_UNINITIALIZED_AUTOS = YES_AGGRESSIVE;
				GCC_WARN_UNUSED_FUNCTION = YES;
				GCC_WARN_UNUSED_VARIABLE = YES;
				IPHONEOS_DEPLOYMENT_TARGET = 17.5;
				LOCALIZATION_PREFERS_STRING_CATALOGS = YES;
				MTL_ENABLE_DEBUG_INFO = NO;
				MTL_FAST_MATH = YES;
				SDKROOT = iphoneos;
				SWIFT_COMPILATION_MODE = wholemodule;
				VALIDATE_PRODUCT = YES;
			};
			name = Release;
		};
		CB3B08812C329E160020B63E /* Debug */ = {
			isa = XCBuildConfiguration;
			buildSettings = {
				ASSETCATALOG_COMPILER_APPICON_NAME = AppIcon;
				ASSETCATALOG_COMPILER_GLOBAL_ACCENT_COLOR_NAME = AccentColor;
				CODE_SIGN_STYLE = Automatic;
				CURRENT_PROJECT_VERSION = 1;
				DEVELOPMENT_ASSET_PATHS = "\"Landmarks/Preview Content\"";
				DEVELOPMENT_TEAM = 34STBCNCDG;
				ENABLE_PREVIEWS = YES;
				GENERATE_INFOPLIST_FILE = YES;
				INFOPLIST_KEY_UIApplicationSceneManifest_Generation = YES;
				INFOPLIST_KEY_UIApplicationSupportsIndirectInputEvents = YES;
				INFOPLIST_KEY_UILaunchScreen_Generation = YES;
				INFOPLIST_KEY_UISupportedInterfaceOrientations_iPad = "UIInterfaceOrientationPortrait UIInterfaceOrientationPortraitUpsideDown UIInterfaceOrientationLandscapeLeft UIInterfaceOrientationLandscapeRight";
				INFOPLIST_KEY_UISupportedInterfaceOrientations_iPhone = "UIInterfaceOrientationPortrait UIInterfaceOrientationLandscapeLeft UIInterfaceOrientationLandscapeRight";
				LD_RUNPATH_SEARCH_PATHS = (
					"$(inherited)",
					"@executable_path/Frameworks",
				);
				MARKETING_VERSION = 1.0;
				PRODUCT_BUNDLE_IDENTIFIER = com.gmail.junbok97.Landmarks;
				PRODUCT_NAME = "$(TARGET_NAME)";
				SUPPORTED_PLATFORMS = "iphoneos iphonesimulator";
				SUPPORTS_MACCATALYST = NO;
				SUPPORTS_MAC_DESIGNED_FOR_IPHONE_IPAD = NO;
				SUPPORTS_XR_DESIGNED_FOR_IPHONE_IPAD = NO;
				SWIFT_EMIT_LOC_STRINGS = YES;
				SWIFT_VERSION = 5.0;
				TARGETED_DEVICE_FAMILY = "1,2";
			};
			name = Debug;
		};
		CB3B08822C329E160020B63E /* Release */ = {
			isa = XCBuildConfiguration;
			buildSettings = {
				ASSETCATALOG_COMPILER_APPICON_NAME = AppIcon;
				ASSETCATALOG_COMPILER_GLOBAL_ACCENT_COLOR_NAME = AccentColor;
				CODE_SIGN_STYLE = Automatic;
				CURRENT_PROJECT_VERSION = 1;
				DEVELOPMENT_ASSET_PATHS = "\"Landmarks/Preview Content\"";
				DEVELOPMENT_TEAM = 34STBCNCDG;
				ENABLE_PREVIEWS = YES;
				GENERATE_INFOPLIST_FILE = YES;
				INFOPLIST_KEY_UIApplicationSceneManifest_Generation = YES;
				INFOPLIST_KEY_UIApplicationSupportsIndirectInputEvents = YES;
				INFOPLIST_KEY_UILaunchScreen_Generation = YES;
				INFOPLIST_KEY_UISupportedInterfaceOrientations_iPad = "UIInterfaceOrientationPortrait UIInterfaceOrientationPortraitUpsideDown UIInterfaceOrientationLandscapeLeft UIInterfaceOrientationLandscapeRight";
				INFOPLIST_KEY_UISupportedInterfaceOrientations_iPhone = "UIInterfaceOrientationPortrait UIInterfaceOrientationLandscapeLeft UIInterfaceOrientationLandscapeRight";
				LD_RUNPATH_SEARCH_PATHS = (
					"$(inherited)",
					"@executable_path/Frameworks",
				);
				MARKETING_VERSION = 1.0;
				PRODUCT_BUNDLE_IDENTIFIER = com.gmail.junbok97.Landmarks;
				PRODUCT_NAME = "$(TARGET_NAME)";
				SUPPORTED_PLATFORMS = "iphoneos iphonesimulator";
				SUPPORTS_MACCATALYST = NO;
				SUPPORTS_MAC_DESIGNED_FOR_IPHONE_IPAD = NO;
				SUPPORTS_XR_DESIGNED_FOR_IPHONE_IPAD = NO;
				SWIFT_EMIT_LOC_STRINGS = YES;
				SWIFT_VERSION = 5.0;
				TARGETED_DEVICE_FAMILY = "1,2";
			};
			name = Release;
		};
/* End XCBuildConfiguration section */

/* Begin XCConfigurationList section */
		CB3B086D2C329E150020B63E /* Build configuration list for PBXProject "Landmarks" */ = {
			isa = XCConfigurationList;
			buildConfigurations = (
				CB3B087E2C329E160020B63E /* Debug */,
				CB3B087F2C329E160020B63E /* Release */,
			);
			defaultConfigurationIsVisible = 0;
			defaultConfigurationName = Release;
		};
		CB3B08802C329E160020B63E /* Build configuration list for PBXNativeTarget "Landmarks" */ = {
			isa = XCConfigurationList;
			buildConfigurations = (
				CB3B08812C329E160020B63E /* Debug */,
				CB3B08822C329E160020B63E /* Release */,
			);
			defaultConfigurationIsVisible = 0;
			defaultConfigurationName = Release;
		};
/* End XCConfigurationList section */
	};
	rootObject = CB3B086A2C329E150020B63E /* Project object */;
}
