// !$*UTF8*$!
{
	archiveVersion = 1;
	classes = {
	};
	objectVersion = 56;
	objects = {

/* Begin PBXBuildFile section */
		E82091842C53D8490051472F /* PillyzeApp.swift in Sources */ = {isa = PBXBuildFile; fileRef = E82091832C53D8490051472F /* PillyzeApp.swift */; };
		E82091882C53D84B0051472F /* Assets.xcassets in Resources */ = {isa = PBXBuildFile; fileRef = E82091872C53D84B0051472F /* Assets.xcassets */; };
		E820918B2C53D84B0051472F /* Preview Assets.xcassets in Resources */ = {isa = PBXBuildFile; fileRef = E820918A2C53D84B0051472F /* Preview Assets.xcassets */; };
		E82091932C53D8840051472F /* Font.swift in Sources */ = {isa = PBXBuildFile; fileRef = E82091922C53D8840051472F /* Font.swift */; };
		E820919D2C53D9EB0051472F /* Pretendard-Bold.otf in Resources */ = {isa = PBXBuildFile; fileRef = E82091982C53D9EB0051472F /* Pretendard-Bold.otf */; };
		E820919E2C53D9EB0051472F /* Pretendard-Medium.otf in Resources */ = {isa = PBXBuildFile; fileRef = E82091992C53D9EB0051472F /* Pretendard-Medium.otf */; };
		E820919F2C53D9EB0051472F /* Pretendard-Regular.otf in Resources */ = {isa = PBXBuildFile; fileRef = E820919A2C53D9EB0051472F /* Pretendard-Regular.otf */; };
		E881EA352C53E3FC0016A384 /* Header.swift in Sources */ = {isa = PBXBuildFile; fileRef = E881EA342C53E3FC0016A384 /* Header.swift */; };
		E881EA382C547D510016A384 /* MiniReducer.swift in Sources */ = {isa = PBXBuildFile; fileRef = E881EA372C547D510016A384 /* MiniReducer.swift */; };
/* End PBXBuildFile section */

/* Begin PBXFileReference section */
		E82091802C53D8490051472F /* Pillyze.app */ = {isa = PBXFileReference; explicitFileType = wrapper.application; includeInIndex = 0; path = Pillyze.app; sourceTree = BUILT_PRODUCTS_DIR; };
		E82091832C53D8490051472F /* PillyzeApp.swift */ = {isa = PBXFileReference; lastKnownFileType = sourcecode.swift; path = PillyzeApp.swift; sourceTree = "<group>"; };
		E82091872C53D84B0051472F /* Assets.xcassets */ = {isa = PBXFileReference; lastKnownFileType = folder.assetcatalog; path = Assets.xcassets; sourceTree = "<group>"; };
		E820918A2C53D84B0051472F /* Preview Assets.xcassets */ = {isa = PBXFileReference; lastKnownFileType = folder.assetcatalog; path = "Preview Assets.xcassets"; sourceTree = "<group>"; };
		E82091922C53D8840051472F /* Font.swift */ = {isa = PBXFileReference; lastKnownFileType = sourcecode.swift; path = Font.swift; sourceTree = "<group>"; };
		E82091982C53D9EB0051472F /* Pretendard-Bold.otf */ = {isa = PBXFileReference; lastKnownFileType = file; path = "Pretendard-Bold.otf"; sourceTree = "<group>"; };
		E82091992C53D9EB0051472F /* Pretendard-Medium.otf */ = {isa = PBXFileReference; lastKnownFileType = file; path = "Pretendard-Medium.otf"; sourceTree = "<group>"; };
		E820919A2C53D9EB0051472F /* Pretendard-Regular.otf */ = {isa = PBXFileReference; lastKnownFileType = file; path = "Pretendard-Regular.otf"; sourceTree = "<group>"; };
		E881EA342C53E3FC0016A384 /* Header.swift */ = {isa = PBXFileReference; lastKnownFileType = sourcecode.swift; path = Header.swift; sourceTree = "<group>"; };
		E881EA372C547D510016A384 /* MiniReducer.swift */ = {isa = PBXFileReference; lastKnownFileType = sourcecode.swift; path = MiniReducer.swift; sourceTree = "<group>"; };
/* End PBXFileReference section */

/* Begin PBXFrameworksBuildPhase section */
		E820917D2C53D8480051472F /* Frameworks */ = {
			isa = PBXFrameworksBuildPhase;
			buildActionMask = 2147483647;
			files = (
			);
			runOnlyForDeploymentPostprocessing = 0;
		};
/* End PBXFrameworksBuildPhase section */

/* Begin PBXGroup section */
		E82091772C53D8480051472F = {
			isa = PBXGroup;
			children = (
				E82091822C53D8490051472F /* Pillyze */,
				E82091812C53D8490051472F /* Products */,
			);
			sourceTree = "<group>";
		};
		E82091812C53D8490051472F /* Products */ = {
			isa = PBXGroup;
			children = (
				E82091802C53D8490051472F /* Pillyze.app */,
			);
			name = Products;
			sourceTree = "<group>";
		};
		E82091822C53D8490051472F /* Pillyze */ = {
			isa = PBXGroup;
			children = (
				E82091A02C53D9F40051472F /* Sources */,
				E820919C2C53D9EB0051472F /* Resources */,
				E82091892C53D84B0051472F /* Preview Content */,
			);
			path = Pillyze;
			sourceTree = "<group>";
		};
		E82091892C53D84B0051472F /* Preview Content */ = {
			isa = PBXGroup;
			children = (
				E820918A2C53D84B0051472F /* Preview Assets.xcassets */,
			);
			path = "Preview Content";
			sourceTree = "<group>";
		};
		E82091912C53D8660051472F /* DesignSystem */ = {
			isa = PBXGroup;
			children = (
				E82091922C53D8840051472F /* Font.swift */,
				E881EA342C53E3FC0016A384 /* Header.swift */,
			);
			path = DesignSystem;
			sourceTree = "<group>";
		};
		E820919B2C53D9EB0051472F /* Font */ = {
			isa = PBXGroup;
			children = (
				E82091982C53D9EB0051472F /* Pretendard-Bold.otf */,
				E82091992C53D9EB0051472F /* Pretendard-Medium.otf */,
				E820919A2C53D9EB0051472F /* Pretendard-Regular.otf */,
			);
			path = Font;
			sourceTree = "<group>";
		};
		E820919C2C53D9EB0051472F /* Resources */ = {
			isa = PBXGroup;
			children = (
				E82091872C53D84B0051472F /* Assets.xcassets */,
				E820919B2C53D9EB0051472F /* Font */,
			);
			path = Resources;
			sourceTree = "<group>";
		};
		E82091A02C53D9F40051472F /* Sources */ = {
			isa = PBXGroup;
			children = (
				E881EA362C547D430016A384 /* Commons */,
				E82091832C53D8490051472F /* PillyzeApp.swift */,
				E82091912C53D8660051472F /* DesignSystem */,
			);
			path = Sources;
			sourceTree = "<group>";
		};
		E881EA362C547D430016A384 /* Commons */ = {
			isa = PBXGroup;
			children = (
				E881EA372C547D510016A384 /* MiniReducer.swift */,
			);
			path = Commons;
			sourceTree = "<group>";
		};
/* End PBXGroup section */

/* Begin PBXNativeTarget section */
		E820917F2C53D8480051472F /* Pillyze */ = {
			isa = PBXNativeTarget;
			buildConfigurationList = E820918E2C53D84B0051472F /* Build configuration list for PBXNativeTarget "Pillyze" */;
			buildPhases = (
				E820917C2C53D8480051472F /* Sources */,
				E820917D2C53D8480051472F /* Frameworks */,
				E820917E2C53D8480051472F /* Resources */,
			);
			buildRules = (
			);
			dependencies = (
			);
			name = Pillyze;
			productName = Pillyze;
			productReference = E82091802C53D8490051472F /* Pillyze.app */;
			productType = "com.apple.product-type.application";
		};
/* End PBXNativeTarget section */

/* Begin PBXProject section */
		E82091782C53D8480051472F /* Project object */ = {
			isa = PBXProject;
			attributes = {
				BuildIndependentTargetsInParallel = 1;
				LastSwiftUpdateCheck = 1540;
				LastUpgradeCheck = 1540;
				TargetAttributes = {
					E820917F2C53D8480051472F = {
						CreatedOnToolsVersion = 15.4;
					};
				};
			};
			buildConfigurationList = E820917B2C53D8480051472F /* Build configuration list for PBXProject "Pillyze" */;
			compatibilityVersion = "Xcode 14.0";
			developmentRegion = en;
			hasScannedForEncodings = 0;
			knownRegions = (
				en,
				Base,
			);
			mainGroup = E82091772C53D8480051472F;
			productRefGroup = E82091812C53D8490051472F /* Products */;
			projectDirPath = "";
			projectRoot = "";
			targets = (
				E820917F2C53D8480051472F /* Pillyze */,
			);
		};
/* End PBXProject section */

/* Begin PBXResourcesBuildPhase section */
		E820917E2C53D8480051472F /* Resources */ = {
			isa = PBXResourcesBuildPhase;
			buildActionMask = 2147483647;
			files = (
				E820918B2C53D84B0051472F /* Preview Assets.xcassets in Resources */,
				E820919D2C53D9EB0051472F /* Pretendard-Bold.otf in Resources */,
				E820919F2C53D9EB0051472F /* Pretendard-Regular.otf in Resources */,
				E82091882C53D84B0051472F /* Assets.xcassets in Resources */,
				E820919E2C53D9EB0051472F /* Pretendard-Medium.otf in Resources */,
			);
			runOnlyForDeploymentPostprocessing = 0;
		};
/* End PBXResourcesBuildPhase section */

/* Begin PBXSourcesBuildPhase section */
		E820917C2C53D8480051472F /* Sources */ = {
			isa = PBXSourcesBuildPhase;
			buildActionMask = 2147483647;
			files = (
				E82091842C53D8490051472F /* PillyzeApp.swift in Sources */,
				E881EA352C53E3FC0016A384 /* Header.swift in Sources */,
				E82091932C53D8840051472F /* Font.swift in Sources */,
				E881EA382C547D510016A384 /* MiniReducer.swift in Sources */,
			);
			runOnlyForDeploymentPostprocessing = 0;
		};
/* End PBXSourcesBuildPhase section */

/* Begin XCBuildConfiguration section */
		E820918C2C53D84B0051472F /* Debug */ = {
			isa = XCBuildConfiguration;
			buildSettings = {
				ALWAYS_SEARCH_USER_PATHS = NO;
				ASSETCATALOG_COMPILER_GENERATE_SWIFT_ASSET_SYMBOL_EXTENSIONS = YES;
				CLANG_ANALYZER_NONNULL = YES;
				CLANG_ANALYZER_NUMBER_OBJECT_CONVERSION = YES_AGGRESSIVE;
				CLANG_CXX_LANGUAGE_STANDARD = "gnu++20";
				CLANG_ENABLE_MODULES = YES;
				CLANG_ENABLE_OBJC_ARC = YES;
				CLANG_ENABLE_OBJC_WEAK = YES;
				CLANG_WARN_BLOCK_CAPTURE_AUTORELEASING = YES;
				CLANG_WARN_BOOL_CONVERSION = YES;
				CLANG_WARN_COMMA = YES;
				CLANG_WARN_CONSTANT_CONVERSION = YES;
				CLANG_WARN_DEPRECATED_OBJC_IMPLEMENTATIONS = YES;
				CLANG_WARN_DIRECT_OBJC_ISA_USAGE = YES_ERROR;
				CLANG_WARN_DOCUMENTATION_COMMENTS = YES;
				CLANG_WARN_EMPTY_BODY = YES;
				CLANG_WARN_ENUM_CONVERSION = YES;
				CLANG_WARN_INFINITE_RECURSION = YES;
				CLANG_WARN_INT_CONVERSION = YES;
				CLANG_WARN_NON_LITERAL_NULL_CONVERSION = YES;
				CLANG_WARN_OBJC_IMPLICIT_RETAIN_SELF = YES;
				CLANG_WARN_OBJC_LITERAL_CONVERSION = YES;
				CLANG_WARN_OBJC_ROOT_CLASS = YES_ERROR;
				CLANG_WARN_QUOTED_INCLUDE_IN_FRAMEWORK_HEADER = YES;
				CLANG_WARN_RANGE_LOOP_ANALYSIS = YES;
				CLANG_WARN_STRICT_PROTOTYPES = YES;
				CLANG_WARN_SUSPICIOUS_MOVE = YES;
				CLANG_WARN_UNGUARDED_AVAILABILITY = YES_AGGRESSIVE;
				CLANG_WARN_UNREACHABLE_CODE = YES;
				CLANG_WARN__DUPLICATE_METHOD_MATCH = YES;
				COPY_PHASE_STRIP = NO;
				DEBUG_INFORMATION_FORMAT = dwarf;
				ENABLE_STRICT_OBJC_MSGSEND = YES;
				ENABLE_TESTABILITY = YES;
				ENABLE_USER_SCRIPT_SANDBOXING = YES;
				GCC_C_LANGUAGE_STANDARD = gnu17;
				GCC_DYNAMIC_NO_PIC = NO;
				GCC_NO_COMMON_BLOCKS = YES;
				GCC_OPTIMIZATION_LEVEL = 0;
				GCC_PREPROCESSOR_DEFINITIONS = (
					"DEBUG=1",
					"$(inherited)",
				);
				GCC_WARN_64_TO_32_BIT_CONVERSION = YES;
				GCC_WARN_ABOUT_RETURN_TYPE = YES_ERROR;
				GCC_WARN_UNDECLARED_SELECTOR = YES;
				GCC_WARN_UNINITIALIZED_AUTOS = YES_AGGRESSIVE;
				GCC_WARN_UNUSED_FUNCTION = YES;
				GCC_WARN_UNUSED_VARIABLE = YES;
				IPHONEOS_DEPLOYMENT_TARGET = 17.5;
				LOCALIZATION_PREFERS_STRING_CATALOGS = YES;
				MTL_ENABLE_DEBUG_INFO = INCLUDE_SOURCE;
				MTL_FAST_MATH = YES;
				ONLY_ACTIVE_ARCH = YES;
				SDKROOT = iphoneos;
				SWIFT_ACTIVE_COMPILATION_CONDITIONS = "DEBUG $(inherited)";
				SWIFT_OPTIMIZATION_LEVEL = "-Onone";
			};
			name = Debug;
		};
		E820918D2C53D84B0051472F /* Release */ = {
			isa = XCBuildConfiguration;
			buildSettings = {
				ALWAYS_SEARCH_USER_PATHS = NO;
				ASSETCATALOG_COMPILER_GENERATE_SWIFT_ASSET_SYMBOL_EXTENSIONS = YES;
				CLANG_ANALYZER_NONNULL = YES;
				CLANG_ANALYZER_NUMBER_OBJECT_CONVERSION = YES_AGGRESSIVE;
				CLANG_CXX_LANGUAGE_STANDARD = "gnu++20";
				CLANG_ENABLE_MODULES = YES;
				CLANG_ENABLE_OBJC_ARC = YES;
				CLANG_ENABLE_OBJC_WEAK = YES;
				CLANG_WARN_BLOCK_CAPTURE_AUTORELEASING = YES;
				CLANG_WARN_BOOL_CONVERSION = YES;
				CLANG_WARN_COMMA = YES;
				CLANG_WARN_CONSTANT_CONVERSION = YES;
				CLANG_WARN_DEPRECATED_OBJC_IMPLEMENTATIONS = YES;
				CLANG_WARN_DIRECT_OBJC_ISA_USAGE = YES_ERROR;
				CLANG_WARN_DOCUMENTATION_COMMENTS = YES;
				CLANG_WARN_EMPTY_BODY = YES;
				CLANG_WARN_ENUM_CONVERSION = YES;
				CLANG_WARN_INFINITE_RECURSION = YES;
				CLANG_WARN_INT_CONVERSION = YES;
				CLANG_WARN_NON_LITERAL_NULL_CONVERSION = YES;
				CLANG_WARN_OBJC_IMPLICIT_RETAIN_SELF = YES;
				CLANG_WARN_OBJC_LITERAL_CONVERSION = YES;
				CLANG_WARN_OBJC_ROOT_CLASS = YES_ERROR;
				CLANG_WARN_QUOTED_INCLUDE_IN_FRAMEWORK_HEADER = YES;
				CLANG_WARN_RANGE_LOOP_ANALYSIS = YES;
				CLANG_WARN_STRICT_PROTOTYPES = YES;
				CLANG_WARN_SUSPICIOUS_MOVE = YES;
				CLANG_WARN_UNGUARDED_AVAILABILITY = YES_AGGRESSIVE;
				CLANG_WARN_UNREACHABLE_CODE = YES;
				CLANG_WARN__DUPLICATE_METHOD_MATCH = YES;
				COPY_PHASE_STRIP = NO;
				DEBUG_INFORMATION_FORMAT = "dwarf-with-dsym";
				ENABLE_NS_ASSERTIONS = NO;
				ENABLE_STRICT_OBJC_MSGSEND = YES;
				ENABLE_USER_SCRIPT_SANDBOXING = YES;
				GCC_C_LANGUAGE_STANDARD = gnu17;
				GCC_NO_COMMON_BLOCKS = YES;
				GCC_WARN_64_TO_32_BIT_CONVERSION = YES;
				GCC_WARN_ABOUT_RETURN_TYPE = YES_ERROR;
				GCC_WARN_UNDECLARED_SELECTOR = YES;
				GCC_WARN_UNINITIALIZED_AUTOS = YES_AGGRESSIVE;
				GCC_WARN_UNUSED_FUNCTION = YES;
				GCC_WARN_UNUSED_VARIABLE = YES;
				IPHONEOS_DEPLOYMENT_TARGET = 17.5;
				LOCALIZATION_PREFERS_STRING_CATALOGS = YES;
				MTL_ENABLE_DEBUG_INFO = NO;
				MTL_FAST_MATH = YES;
				SDKROOT = iphoneos;
				SWIFT_COMPILATION_MODE = wholemodule;
				VALIDATE_PRODUCT = YES;
			};
			name = Release;
		};
		E820918F2C53D84B0051472F /* Debug */ = {
			isa = XCBuildConfiguration;
			buildSettings = {
				ASSETCATALOG_COMPILER_APPICON_NAME = AppIcon;
				ASSETCATALOG_COMPILER_GLOBAL_ACCENT_COLOR_NAME = AccentColor;
				CODE_SIGN_STYLE = Automatic;
				CURRENT_PROJECT_VERSION = 1;
				DEVELOPMENT_ASSET_PATHS = "\"Pillyze/Preview Content\"";
				ENABLE_PREVIEWS = YES;
				GENERATE_INFOPLIST_FILE = YES;
				INFOPLIST_KEY_UIApplicationSceneManifest_Generation = YES;
				INFOPLIST_KEY_UIApplicationSupportsIndirectInputEvents = YES;
				INFOPLIST_KEY_UILaunchScreen_Generation = YES;
				INFOPLIST_KEY_UISupportedInterfaceOrientations_iPad = "UIInterfaceOrientationPortrait UIInterfaceOrientationPortraitUpsideDown UIInterfaceOrientationLandscapeLeft UIInterfaceOrientationLandscapeRight";
				INFOPLIST_KEY_UISupportedInterfaceOrientations_iPhone = "UIInterfaceOrientationPortrait UIInterfaceOrientationLandscapeLeft UIInterfaceOrientationLandscapeRight";
				LD_RUNPATH_SEARCH_PATHS = (
					"$(inherited)",
					"@executable_path/Frameworks",
				);
				MARKETING_VERSION = 1.0;
				PRODUCT_BUNDLE_IDENTIFIER = com.MaraMincho.Pillyze;
				PRODUCT_NAME = "$(TARGET_NAME)";
				SWIFT_EMIT_LOC_STRINGS = YES;
				SWIFT_VERSION = 5.0;
				TARGETED_DEVICE_FAMILY = "1,2";
			};
			name = Debug;
		};
		E82091902C53D84B0051472F /* Release */ = {
			isa = XCBuildConfiguration;
			buildSettings = {
				ASSETCATALOG_COMPILER_APPICON_NAME = AppIcon;
				ASSETCATALOG_COMPILER_GLOBAL_ACCENT_COLOR_NAME = AccentColor;
				CODE_SIGN_STYLE = Automatic;
				CURRENT_PROJECT_VERSION = 1;
				DEVELOPMENT_ASSET_PATHS = "\"Pillyze/Preview Content\"";
				ENABLE_PREVIEWS = YES;
				GENERATE_INFOPLIST_FILE = YES;
				INFOPLIST_KEY_UIApplicationSceneManifest_Generation = YES;
				INFOPLIST_KEY_UIApplicationSupportsIndirectInputEvents = YES;
				INFOPLIST_KEY_UILaunchScreen_Generation = YES;
				INFOPLIST_KEY_UISupportedInterfaceOrientations_iPad = "UIInterfaceOrientationPortrait UIInterfaceOrientationPortraitUpsideDown UIInterfaceOrientationLandscapeLeft UIInterfaceOrientationLandscapeRight";
				INFOPLIST_KEY_UISupportedInterfaceOrientations_iPhone = "UIInterfaceOrientationPortrait UIInterfaceOrientationLandscapeLeft UIInterfaceOrientationLandscapeRight";
				LD_RUNPATH_SEARCH_PATHS = (
					"$(inherited)",
					"@executable_path/Frameworks",
				);
				MARKETING_VERSION = 1.0;
				PRODUCT_BUNDLE_IDENTIFIER = com.MaraMincho.Pillyze;
				PRODUCT_NAME = "$(TARGET_NAME)";
				SWIFT_EMIT_LOC_STRINGS = YES;
				SWIFT_VERSION = 5.0;
				TARGETED_DEVICE_FAMILY = "1,2";
			};
			name = Release;
		};
/* End XCBuildConfiguration section */

/* Begin XCConfigurationList section */
		E820917B2C53D8480051472F /* Build configuration list for PBXProject "Pillyze" */ = {
			isa = XCConfigurationList;
			buildConfigurations = (
				E820918C2C53D84B0051472F /* Debug */,
				E820918D2C53D84B0051472F /* Release */,
			);
			defaultConfigurationIsVisible = 0;
			defaultConfigurationName = Release;
		};
		E820918E2C53D84B0051472F /* Build configuration list for PBXNativeTarget "Pillyze" */ = {
			isa = XCConfigurationList;
			buildConfigurations = (
				E820918F2C53D84B0051472F /* Debug */,
				E82091902C53D84B0051472F /* Release */,
			);
			defaultConfigurationIsVisible = 0;
			defaultConfigurationName = Release;
		};
/* End XCConfigurationList section */
	};
	rootObject = E82091782C53D8480051472F /* Project object */;
}
