// !$*UTF8*$!
{
	archiveVersion = 1;
	classes = {
	};
	objectVersion = 56;
	objects = {

/* Begin PBXBuildFile section */
		9B046FF72C41735B00ADAFF3 /* BoostPillyzeApp.swift in Sources */ = {isa = PBXBuildFile; fileRef = 9B046FF62C41735B00ADAFF3 /* BoostPillyzeApp.swift */; };
		9B046FF92C41735B00ADAFF3 /* ContentView.swift in Sources */ = {isa = PBXBuildFile; fileRef = 9B046FF82C41735B00ADAFF3 /* ContentView.swift */; };
		9B046FFB2C41735C00ADAFF3 /* Assets.xcassets in Resources */ = {isa = PBXBuildFile; fileRef = 9B046FFA2C41735C00ADAFF3 /* Assets.xcassets */; };
		9B046FFE2C41735C00ADAFF3 /* Preview Assets.xcassets in Resources */ = {isa = PBXBuildFile; fileRef = 9B046FFD2C41735C00ADAFF3 /* Preview Assets.xcassets */; };
		9B0470082C41735D00ADAFF3 /* BoostPillyzeTests.swift in Sources */ = {isa = PBXBuildFile; fileRef = 9B0470072C41735D00ADAFF3 /* BoostPillyzeTests.swift */; };
		9B0470252C427F6C00ADAFF3 /* MainTabBar.swift in Sources */ = {isa = PBXBuildFile; fileRef = 9B0470242C427F6C00ADAFF3 /* MainTabBar.swift */; };
		9B04702B2C4288DB00ADAFF3 /* View+cornerRadius.swift in Sources */ = {isa = PBXBuildFile; fileRef = 9B04702A2C4288DB00ADAFF3 /* View+cornerRadius.swift */; };
		9B5AE8262C42AAD200BC1ED7 /* MyHealthViewController.swift in Sources */ = {isa = PBXBuildFile; fileRef = 9B5AE8252C42AAD200BC1ED7 /* MyHealthViewController.swift */; };
		9B5AE82C2C42B26E00BC1ED7 /* BaseViewController.swift in Sources */ = {isa = PBXBuildFile; fileRef = 9B5AE82B2C42B26E00BC1ED7 /* BaseViewController.swift */; };
		9B5AE82F2C42B29A00BC1ED7 /* BaseView.swift in Sources */ = {isa = PBXBuildFile; fileRef = 9B5AE82E2C42B29A00BC1ED7 /* BaseView.swift */; };
		9B5AE8312C42B2E500BC1ED7 /* ViewModelable.swift in Sources */ = {isa = PBXBuildFile; fileRef = 9B5AE8302C42B2E500BC1ED7 /* ViewModelable.swift */; };
/* End PBXBuildFile section */

/* Begin PBXContainerItemProxy section */
		9B0470042C41735D00ADAFF3 /* PBXContainerItemProxy */ = {
			isa = PBXContainerItemProxy;
			containerPortal = 9B046FEB2C41735B00ADAFF3 /* Project object */;
			proxyType = 1;
			remoteGlobalIDString = 9B046FF22C41735B00ADAFF3;
			remoteInfo = BoostPillyze;
		};
/* End PBXContainerItemProxy section */

/* Begin PBXFileReference section */
		9B046FF32C41735B00ADAFF3 /* BoostPillyze.app */ = {isa = PBXFileReference; explicitFileType = wrapper.application; includeInIndex = 0; path = BoostPillyze.app; sourceTree = BUILT_PRODUCTS_DIR; };
		9B046FF62C41735B00ADAFF3 /* BoostPillyzeApp.swift */ = {isa = PBXFileReference; lastKnownFileType = sourcecode.swift; path = BoostPillyzeApp.swift; sourceTree = "<group>"; };
		9B046FF82C41735B00ADAFF3 /* ContentView.swift */ = {isa = PBXFileReference; lastKnownFileType = sourcecode.swift; path = ContentView.swift; sourceTree = "<group>"; };
		9B046FFA2C41735C00ADAFF3 /* Assets.xcassets */ = {isa = PBXFileReference; lastKnownFileType = folder.assetcatalog; path = Assets.xcassets; sourceTree = "<group>"; };
		9B046FFD2C41735C00ADAFF3 /* Preview Assets.xcassets */ = {isa = PBXFileReference; lastKnownFileType = folder.assetcatalog; path = "Preview Assets.xcassets"; sourceTree = "<group>"; };
		9B0470032C41735D00ADAFF3 /* BoostPillyzeTests.xctest */ = {isa = PBXFileReference; explicitFileType = wrapper.cfbundle; includeInIndex = 0; path = BoostPillyzeTests.xctest; sourceTree = BUILT_PRODUCTS_DIR; };
		9B0470072C41735D00ADAFF3 /* BoostPillyzeTests.swift */ = {isa = PBXFileReference; lastKnownFileType = sourcecode.swift; path = BoostPillyzeTests.swift; sourceTree = "<group>"; };
		9B0470242C427F6C00ADAFF3 /* MainTabBar.swift */ = {isa = PBXFileReference; lastKnownFileType = sourcecode.swift; path = MainTabBar.swift; sourceTree = "<group>"; };
		9B04702A2C4288DB00ADAFF3 /* View+cornerRadius.swift */ = {isa = PBXFileReference; lastKnownFileType = sourcecode.swift; path = "View+cornerRadius.swift"; sourceTree = "<group>"; };
		9B5AE8252C42AAD200BC1ED7 /* MyHealthViewController.swift */ = {isa = PBXFileReference; lastKnownFileType = sourcecode.swift; path = MyHealthViewController.swift; sourceTree = "<group>"; };
		9B5AE82B2C42B26E00BC1ED7 /* BaseViewController.swift */ = {isa = PBXFileReference; lastKnownFileType = sourcecode.swift; path = BaseViewController.swift; sourceTree = "<group>"; };
		9B5AE82E2C42B29A00BC1ED7 /* BaseView.swift */ = {isa = PBXFileReference; lastKnownFileType = sourcecode.swift; path = BaseView.swift; sourceTree = "<group>"; };
		9B5AE8302C42B2E500BC1ED7 /* ViewModelable.swift */ = {isa = PBXFileReference; lastKnownFileType = sourcecode.swift; path = ViewModelable.swift; sourceTree = "<group>"; };
/* End PBXFileReference section */

/* Begin PBXFrameworksBuildPhase section */
		9B046FF02C41735B00ADAFF3 /* Frameworks */ = {
			isa = PBXFrameworksBuildPhase;
			buildActionMask = 2147483647;
			files = (
			);
			runOnlyForDeploymentPostprocessing = 0;
		};
		9B0470002C41735D00ADAFF3 /* Frameworks */ = {
			isa = PBXFrameworksBuildPhase;
			buildActionMask = 2147483647;
			files = (
			);
			runOnlyForDeploymentPostprocessing = 0;
		};
/* End PBXFrameworksBuildPhase section */

/* Begin PBXGroup section */
		9B046FEA2C41735B00ADAFF3 = {
			isa = PBXGroup;
			children = (
				9B046FF52C41735B00ADAFF3 /* BoostPillyze */,
				9B0470062C41735D00ADAFF3 /* BoostPillyzeTests */,
				9B046FF42C41735B00ADAFF3 /* Products */,
			);
			sourceTree = "<group>";
		};
		9B046FF42C41735B00ADAFF3 /* Products */ = {
			isa = PBXGroup;
			children = (
				9B046FF32C41735B00ADAFF3 /* BoostPillyze.app */,
				9B0470032C41735D00ADAFF3 /* BoostPillyzeTests.xctest */,
			);
			name = Products;
			sourceTree = "<group>";
		};
		9B046FF52C41735B00ADAFF3 /* BoostPillyze */ = {
			isa = PBXGroup;
			children = (
				9B5AE8292C42B23600BC1ED7 /* UIkit */,
				9B046FF62C41735B00ADAFF3 /* BoostPillyzeApp.swift */,
				9B046FF82C41735B00ADAFF3 /* ContentView.swift */,
				9B0470232C427F5B00ADAFF3 /* TabBar */,
				9B0470202C41752100ADAFF3 /* MyHealth */,
				9B0470282C4288C300ADAFF3 /* Extensions */,
				9B0470212C41752800ADAFF3 /* Resource */,
				9B046FFC2C41735C00ADAFF3 /* Preview Content */,
			);
			path = BoostPillyze;
			sourceTree = "<group>";
		};
		9B046FFC2C41735C00ADAFF3 /* Preview Content */ = {
			isa = PBXGroup;
			children = (
				9B046FFD2C41735C00ADAFF3 /* Preview Assets.xcassets */,
			);
			path = "Preview Content";
			sourceTree = "<group>";
		};
		9B0470062C41735D00ADAFF3 /* BoostPillyzeTests */ = {
			isa = PBXGroup;
			children = (
				9B0470072C41735D00ADAFF3 /* BoostPillyzeTests.swift */,
			);
			path = BoostPillyzeTests;
			sourceTree = "<group>";
		};
		9B0470202C41752100ADAFF3 /* MyHealth */ = {
			isa = PBXGroup;
			children = (
				9B5AE8252C42AAD200BC1ED7 /* MyHealthViewController.swift */,
			);
			path = MyHealth;
			sourceTree = "<group>";
		};
		9B0470212C41752800ADAFF3 /* Resource */ = {
			isa = PBXGroup;
			children = (
				9B046FFA2C41735C00ADAFF3 /* Assets.xcassets */,
			);
			path = Resource;
			sourceTree = "<group>";
		};
		9B0470232C427F5B00ADAFF3 /* TabBar */ = {
			isa = PBXGroup;
			children = (
				9B0470242C427F6C00ADAFF3 /* MainTabBar.swift */,
			);
			path = TabBar;
			sourceTree = "<group>";
		};
		9B0470282C4288C300ADAFF3 /* Extensions */ = {
			isa = PBXGroup;
			children = (
				9B0470292C4288CD00ADAFF3 /* View */,
			);
			path = Extensions;
			sourceTree = "<group>";
		};
		9B0470292C4288CD00ADAFF3 /* View */ = {
			isa = PBXGroup;
			children = (
				9B04702A2C4288DB00ADAFF3 /* View+cornerRadius.swift */,
			);
			path = View;
			sourceTree = "<group>";
		};
		9B5AE8292C42B23600BC1ED7 /* UIkit */ = {
			isa = PBXGroup;
			children = (
				9B5AE82D2C42B28D00BC1ED7 /* Base */,
			);
			path = UIkit;
			sourceTree = "<group>";
		};
		9B5AE82D2C42B28D00BC1ED7 /* Base */ = {
			isa = PBXGroup;
			children = (
				9B5AE82B2C42B26E00BC1ED7 /* BaseViewController.swift */,
				9B5AE82E2C42B29A00BC1ED7 /* BaseView.swift */,
				9B5AE8302C42B2E500BC1ED7 /* ViewModelable.swift */,
			);
			path = Base;
			sourceTree = "<group>";
		};
/* End PBXGroup section */

/* Begin PBXNativeTarget section */
		9B046FF22C41735B00ADAFF3 /* BoostPillyze */ = {
			isa = PBXNativeTarget;
			buildConfigurationList = 9B0470172C41735D00ADAFF3 /* Build configuration list for PBXNativeTarget "BoostPillyze" */;
			buildPhases = (
				9B046FEF2C41735B00ADAFF3 /* Sources */,
				9B046FF02C41735B00ADAFF3 /* Frameworks */,
				9B046FF12C41735B00ADAFF3 /* Resources */,
			);
			buildRules = (
			);
			dependencies = (
			);
			name = BoostPillyze;
			productName = BoostPillyze;
			productReference = 9B046FF32C41735B00ADAFF3 /* BoostPillyze.app */;
			productType = "com.apple.product-type.application";
		};
		9B0470022C41735D00ADAFF3 /* BoostPillyzeTests */ = {
			isa = PBXNativeTarget;
			buildConfigurationList = 9B04701A2C41735D00ADAFF3 /* Build configuration list for PBXNativeTarget "BoostPillyzeTests" */;
			buildPhases = (
				9B046FFF2C41735D00ADAFF3 /* Sources */,
				9B0470002C41735D00ADAFF3 /* Frameworks */,
				9B0470012C41735D00ADAFF3 /* Resources */,
			);
			buildRules = (
			);
			dependencies = (
				9B0470052C41735D00ADAFF3 /* PBXTargetDependency */,
			);
			name = BoostPillyzeTests;
			productName = BoostPillyzeTests;
			productReference = 9B0470032C41735D00ADAFF3 /* BoostPillyzeTests.xctest */;
			productType = "com.apple.product-type.bundle.unit-test";
		};
/* End PBXNativeTarget section */

/* Begin PBXProject section */
		9B046FEB2C41735B00ADAFF3 /* Project object */ = {
			isa = PBXProject;
			attributes = {
				BuildIndependentTargetsInParallel = 1;
				LastSwiftUpdateCheck = 1540;
				LastUpgradeCheck = 1540;
				TargetAttributes = {
					9B046FF22C41735B00ADAFF3 = {
						CreatedOnToolsVersion = 15.4;
					};
					9B0470022C41735D00ADAFF3 = {
						CreatedOnToolsVersion = 15.4;
						TestTargetID = 9B046FF22C41735B00ADAFF3;
					};
				};
			};
			buildConfigurationList = 9B046FEE2C41735B00ADAFF3 /* Build configuration list for PBXProject "BoostPillyze" */;
			compatibilityVersion = "Xcode 14.0";
			developmentRegion = en;
			hasScannedForEncodings = 0;
			knownRegions = (
				en,
				Base,
			);
			mainGroup = 9B046FEA2C41735B00ADAFF3;
			productRefGroup = 9B046FF42C41735B00ADAFF3 /* Products */;
			projectDirPath = "";
			projectRoot = "";
			targets = (
				9B046FF22C41735B00ADAFF3 /* BoostPillyze */,
				9B0470022C41735D00ADAFF3 /* BoostPillyzeTests */,
			);
		};
/* End PBXProject section */

/* Begin PBXResourcesBuildPhase section */
		9B046FF12C41735B00ADAFF3 /* Resources */ = {
			isa = PBXResourcesBuildPhase;
			buildActionMask = 2147483647;
			files = (
				9B046FFE2C41735C00ADAFF3 /* Preview Assets.xcassets in Resources */,
				9B046FFB2C41735C00ADAFF3 /* Assets.xcassets in Resources */,
			);
			runOnlyForDeploymentPostprocessing = 0;
		};
		9B0470012C41735D00ADAFF3 /* Resources */ = {
			isa = PBXResourcesBuildPhase;
			buildActionMask = 2147483647;
			files = (
			);
			runOnlyForDeploymentPostprocessing = 0;
		};
/* End PBXResourcesBuildPhase section */

/* Begin PBXSourcesBuildPhase section */
		9B046FEF2C41735B00ADAFF3 /* Sources */ = {
			isa = PBXSourcesBuildPhase;
			buildActionMask = 2147483647;
			files = (
				9B0470252C427F6C00ADAFF3 /* MainTabBar.swift in Sources */,
				9B5AE8262C42AAD200BC1ED7 /* MyHealthViewController.swift in Sources */,
				9B04702B2C4288DB00ADAFF3 /* View+cornerRadius.swift in Sources */,
				9B046FF92C41735B00ADAFF3 /* ContentView.swift in Sources */,
				9B5AE82F2C42B29A00BC1ED7 /* BaseView.swift in Sources */,
				9B046FF72C41735B00ADAFF3 /* BoostPillyzeApp.swift in Sources */,
				9B5AE8312C42B2E500BC1ED7 /* ViewModelable.swift in Sources */,
				9B5AE82C2C42B26E00BC1ED7 /* BaseViewController.swift in Sources */,
			);
			runOnlyForDeploymentPostprocessing = 0;
		};
		9B046FFF2C41735D00ADAFF3 /* Sources */ = {
			isa = PBXSourcesBuildPhase;
			buildActionMask = 2147483647;
			files = (
				9B0470082C41735D00ADAFF3 /* BoostPillyzeTests.swift in Sources */,
			);
			runOnlyForDeploymentPostprocessing = 0;
		};
/* End PBXSourcesBuildPhase section */

/* Begin PBXTargetDependency section */
		9B0470052C41735D00ADAFF3 /* PBXTargetDependency */ = {
			isa = PBXTargetDependency;
			target = 9B046FF22C41735B00ADAFF3 /* BoostPillyze */;
			targetProxy = 9B0470042C41735D00ADAFF3 /* PBXContainerItemProxy */;
		};
/* End PBXTargetDependency section */

/* Begin XCBuildConfiguration section */
		9B0470152C41735D00ADAFF3 /* Debug */ = {
			isa = XCBuildConfiguration;
			buildSettings = {
				ALWAYS_SEARCH_USER_PATHS = NO;
				ASSETCATALOG_COMPILER_GENERATE_SWIFT_ASSET_SYMBOL_EXTENSIONS = YES;
				CLANG_ANALYZER_NONNULL = YES;
				CLANG_ANALYZER_NUMBER_OBJECT_CONVERSION = YES_AGGRESSIVE;
				CLANG_CXX_LANGUAGE_STANDARD = "gnu++20";
				CLANG_ENABLE_MODULES = YES;
				CLANG_ENABLE_OBJC_ARC = YES;
				CLANG_ENABLE_OBJC_WEAK = YES;
				CLANG_WARN_BLOCK_CAPTURE_AUTORELEASING = YES;
				CLANG_WARN_BOOL_CONVERSION = YES;
				CLANG_WARN_COMMA = YES;
				CLANG_WARN_CONSTANT_CONVERSION = YES;
				CLANG_WARN_DEPRECATED_OBJC_IMPLEMENTATIONS = YES;
				CLANG_WARN_DIRECT_OBJC_ISA_USAGE = YES_ERROR;
				CLANG_WARN_DOCUMENTATION_COMMENTS = YES;
				CLANG_WARN_EMPTY_BODY = YES;
				CLANG_WARN_ENUM_CONVERSION = YES;
				CLANG_WARN_INFINITE_RECURSION = YES;
				CLANG_WARN_INT_CONVERSION = YES;
				CLANG_WARN_NON_LITERAL_NULL_CONVERSION = YES;
				CLANG_WARN_OBJC_IMPLICIT_RETAIN_SELF = YES;
				CLANG_WARN_OBJC_LITERAL_CONVERSION = YES;
				CLANG_WARN_OBJC_ROOT_CLASS = YES_ERROR;
				CLANG_WARN_QUOTED_INCLUDE_IN_FRAMEWORK_HEADER = YES;
				CLANG_WARN_RANGE_LOOP_ANALYSIS = YES;
				CLANG_WARN_STRICT_PROTOTYPES = YES;
				CLANG_WARN_SUSPICIOUS_MOVE = YES;
				CLANG_WARN_UNGUARDED_AVAILABILITY = YES_AGGRESSIVE;
				CLANG_WARN_UNREACHABLE_CODE = YES;
				CLANG_WARN__DUPLICATE_METHOD_MATCH = YES;
				COPY_PHASE_STRIP = NO;
				DEBUG_INFORMATION_FORMAT = dwarf;
				ENABLE_STRICT_OBJC_MSGSEND = YES;
				ENABLE_TESTABILITY = YES;
				ENABLE_USER_SCRIPT_SANDBOXING = YES;
				GCC_C_LANGUAGE_STANDARD = gnu17;
				GCC_DYNAMIC_NO_PIC = NO;
				GCC_NO_COMMON_BLOCKS = YES;
				GCC_OPTIMIZATION_LEVEL = 0;
				GCC_PREPROCESSOR_DEFINITIONS = (
					"DEBUG=1",
					"$(inherited)",
				);
				GCC_WARN_64_TO_32_BIT_CONVERSION = YES;
				GCC_WARN_ABOUT_RETURN_TYPE = YES_ERROR;
				GCC_WARN_UNDECLARED_SELECTOR = YES;
				GCC_WARN_UNINITIALIZED_AUTOS = YES_AGGRESSIVE;
				GCC_WARN_UNUSED_FUNCTION = YES;
				GCC_WARN_UNUSED_VARIABLE = YES;
				IPHONEOS_DEPLOYMENT_TARGET = 17.5;
				LOCALIZATION_PREFERS_STRING_CATALOGS = YES;
				MTL_ENABLE_DEBUG_INFO = INCLUDE_SOURCE;
				MTL_FAST_MATH = YES;
				ONLY_ACTIVE_ARCH = YES;
				SDKROOT = iphoneos;
				SWIFT_ACTIVE_COMPILATION_CONDITIONS = "DEBUG $(inherited)";
				SWIFT_OPTIMIZATION_LEVEL = "-Onone";
			};
			name = Debug;
		};
		9B0470162C41735D00ADAFF3 /* Release */ = {
			isa = XCBuildConfiguration;
			buildSettings = {
				ALWAYS_SEARCH_USER_PATHS = NO;
				ASSETCATALOG_COMPILER_GENERATE_SWIFT_ASSET_SYMBOL_EXTENSIONS = YES;
				CLANG_ANALYZER_NONNULL = YES;
				CLANG_ANALYZER_NUMBER_OBJECT_CONVERSION = YES_AGGRESSIVE;
				CLANG_CXX_LANGUAGE_STANDARD = "gnu++20";
				CLANG_ENABLE_MODULES = YES;
				CLANG_ENABLE_OBJC_ARC = YES;
				CLANG_ENABLE_OBJC_WEAK = YES;
				CLANG_WARN_BLOCK_CAPTURE_AUTORELEASING = YES;
				CLANG_WARN_BOOL_CONVERSION = YES;
				CLANG_WARN_COMMA = YES;
				CLANG_WARN_CONSTANT_CONVERSION = YES;
				CLANG_WARN_DEPRECATED_OBJC_IMPLEMENTATIONS = YES;
				CLANG_WARN_DIRECT_OBJC_ISA_USAGE = YES_ERROR;
				CLANG_WARN_DOCUMENTATION_COMMENTS = YES;
				CLANG_WARN_EMPTY_BODY = YES;
				CLANG_WARN_ENUM_CONVERSION = YES;
				CLANG_WARN_INFINITE_RECURSION = YES;
				CLANG_WARN_INT_CONVERSION = YES;
				CLANG_WARN_NON_LITERAL_NULL_CONVERSION = YES;
				CLANG_WARN_OBJC_IMPLICIT_RETAIN_SELF = YES;
				CLANG_WARN_OBJC_LITERAL_CONVERSION = YES;
				CLANG_WARN_OBJC_ROOT_CLASS = YES_ERROR;
				CLANG_WARN_QUOTED_INCLUDE_IN_FRAMEWORK_HEADER = YES;
				CLANG_WARN_RANGE_LOOP_ANALYSIS = YES;
				CLANG_WARN_STRICT_PROTOTYPES = YES;
				CLANG_WARN_SUSPICIOUS_MOVE = YES;
				CLANG_WARN_UNGUARDED_AVAILABILITY = YES_AGGRESSIVE;
				CLANG_WARN_UNREACHABLE_CODE = YES;
				CLANG_WARN__DUPLICATE_METHOD_MATCH = YES;
				COPY_PHASE_STRIP = NO;
				DEBUG_INFORMATION_FORMAT = "dwarf-with-dsym";
				ENABLE_NS_ASSERTIONS = NO;
				ENABLE_STRICT_OBJC_MSGSEND = YES;
				ENABLE_USER_SCRIPT_SANDBOXING = YES;
				GCC_C_LANGUAGE_STANDARD = gnu17;
				GCC_NO_COMMON_BLOCKS = YES;
				GCC_WARN_64_TO_32_BIT_CONVERSION = YES;
				GCC_WARN_ABOUT_RETURN_TYPE = YES_ERROR;
				GCC_WARN_UNDECLARED_SELECTOR = YES;
				GCC_WARN_UNINITIALIZED_AUTOS = YES_AGGRESSIVE;
				GCC_WARN_UNUSED_FUNCTION = YES;
				GCC_WARN_UNUSED_VARIABLE = YES;
				IPHONEOS_DEPLOYMENT_TARGET = 17.5;
				LOCALIZATION_PREFERS_STRING_CATALOGS = YES;
				MTL_ENABLE_DEBUG_INFO = NO;
				MTL_FAST_MATH = YES;
				SDKROOT = iphoneos;
				SWIFT_COMPILATION_MODE = wholemodule;
				VALIDATE_PRODUCT = YES;
			};
			name = Release;
		};
		9B0470182C41735D00ADAFF3 /* Debug */ = {
			isa = XCBuildConfiguration;
			buildSettings = {
				ASSETCATALOG_COMPILER_APPICON_NAME = AppIcon;
				ASSETCATALOG_COMPILER_GLOBAL_ACCENT_COLOR_NAME = AccentColor;
				CODE_SIGN_STYLE = Automatic;
				CURRENT_PROJECT_VERSION = 1;
				DEVELOPMENT_ASSET_PATHS = "\"BoostPillyze/Preview Content\"";
				DEVELOPMENT_TEAM = WPX8MV29XR;
				ENABLE_PREVIEWS = YES;
				GENERATE_INFOPLIST_FILE = YES;
				INFOPLIST_KEY_UIApplicationSceneManifest_Generation = YES;
				INFOPLIST_KEY_UIApplicationSupportsIndirectInputEvents = YES;
				INFOPLIST_KEY_UILaunchScreen_Generation = YES;
				INFOPLIST_KEY_UISupportedInterfaceOrientations_iPad = "UIInterfaceOrientationPortrait UIInterfaceOrientationPortraitUpsideDown UIInterfaceOrientationLandscapeLeft UIInterfaceOrientationLandscapeRight";
				INFOPLIST_KEY_UISupportedInterfaceOrientations_iPhone = "UIInterfaceOrientationPortrait UIInterfaceOrientationLandscapeLeft UIInterfaceOrientationLandscapeRight";
				IPHONEOS_DEPLOYMENT_TARGET = 15.0;
				LD_RUNPATH_SEARCH_PATHS = (
					"$(inherited)",
					"@executable_path/Frameworks",
				);
				MARKETING_VERSION = 1.0;
				PRODUCT_BUNDLE_IDENTIFIER = com.jeongju9216.BoostPillyze;
				PRODUCT_NAME = "$(TARGET_NAME)";
				SUPPORTED_PLATFORMS = "iphoneos iphonesimulator";
				SUPPORTS_MACCATALYST = NO;
				SUPPORTS_XR_DESIGNED_FOR_IPHONE_IPAD = NO;
				SWIFT_EMIT_LOC_STRINGS = YES;
				SWIFT_VERSION = 5.0;
				TARGETED_DEVICE_FAMILY = "1,2";
			};
			name = Debug;
		};
		9B0470192C41735D00ADAFF3 /* Release */ = {
			isa = XCBuildConfiguration;
			buildSettings = {
				ASSETCATALOG_COMPILER_APPICON_NAME = AppIcon;
				ASSETCATALOG_COMPILER_GLOBAL_ACCENT_COLOR_NAME = AccentColor;
				CODE_SIGN_STYLE = Automatic;
				CURRENT_PROJECT_VERSION = 1;
				DEVELOPMENT_ASSET_PATHS = "\"BoostPillyze/Preview Content\"";
				DEVELOPMENT_TEAM = WPX8MV29XR;
				ENABLE_PREVIEWS = YES;
				GENERATE_INFOPLIST_FILE = YES;
				INFOPLIST_KEY_UIApplicationSceneManifest_Generation = YES;
				INFOPLIST_KEY_UIApplicationSupportsIndirectInputEvents = YES;
				INFOPLIST_KEY_UILaunchScreen_Generation = YES;
				INFOPLIST_KEY_UISupportedInterfaceOrientations_iPad = "UIInterfaceOrientationPortrait UIInterfaceOrientationPortraitUpsideDown UIInterfaceOrientationLandscapeLeft UIInterfaceOrientationLandscapeRight";
				INFOPLIST_KEY_UISupportedInterfaceOrientations_iPhone = "UIInterfaceOrientationPortrait UIInterfaceOrientationLandscapeLeft UIInterfaceOrientationLandscapeRight";
				IPHONEOS_DEPLOYMENT_TARGET = 15.0;
				LD_RUNPATH_SEARCH_PATHS = (
					"$(inherited)",
					"@executable_path/Frameworks",
				);
				MARKETING_VERSION = 1.0;
				PRODUCT_BUNDLE_IDENTIFIER = com.jeongju9216.BoostPillyze;
				PRODUCT_NAME = "$(TARGET_NAME)";
				SUPPORTED_PLATFORMS = "iphoneos iphonesimulator";
				SUPPORTS_MACCATALYST = NO;
				SUPPORTS_XR_DESIGNED_FOR_IPHONE_IPAD = NO;
				SWIFT_EMIT_LOC_STRINGS = YES;
				SWIFT_VERSION = 5.0;
				TARGETED_DEVICE_FAMILY = "1,2";
			};
			name = Release;
		};
		9B04701B2C41735D00ADAFF3 /* Debug */ = {
			isa = XCBuildConfiguration;
			buildSettings = {
				ALWAYS_EMBED_SWIFT_STANDARD_LIBRARIES = YES;
				BUNDLE_LOADER = "$(TEST_HOST)";
				CODE_SIGN_STYLE = Automatic;
				CURRENT_PROJECT_VERSION = 1;
				DEVELOPMENT_TEAM = WPX8MV29XR;
				GENERATE_INFOPLIST_FILE = YES;
				IPHONEOS_DEPLOYMENT_TARGET = 17.5;
				MARKETING_VERSION = 1.0;
				PRODUCT_BUNDLE_IDENTIFIER = com.jeongju9216.BoostPillyzeTests;
				PRODUCT_NAME = "$(TARGET_NAME)";
				SWIFT_EMIT_LOC_STRINGS = NO;
				SWIFT_VERSION = 5.0;
				TARGETED_DEVICE_FAMILY = "1,2";
				TEST_HOST = "$(BUILT_PRODUCTS_DIR)/BoostPillyze.app/$(BUNDLE_EXECUTABLE_FOLDER_PATH)/BoostPillyze";
			};
			name = Debug;
		};
		9B04701C2C41735D00ADAFF3 /* Release */ = {
			isa = XCBuildConfiguration;
			buildSettings = {
				ALWAYS_EMBED_SWIFT_STANDARD_LIBRARIES = YES;
				BUNDLE_LOADER = "$(TEST_HOST)";
				CODE_SIGN_STYLE = Automatic;
				CURRENT_PROJECT_VERSION = 1;
				DEVELOPMENT_TEAM = WPX8MV29XR;
				GENERATE_INFOPLIST_FILE = YES;
				IPHONEOS_DEPLOYMENT_TARGET = 17.5;
				MARKETING_VERSION = 1.0;
				PRODUCT_BUNDLE_IDENTIFIER = com.jeongju9216.BoostPillyzeTests;
				PRODUCT_NAME = "$(TARGET_NAME)";
				SWIFT_EMIT_LOC_STRINGS = NO;
				SWIFT_VERSION = 5.0;
				TARGETED_DEVICE_FAMILY = "1,2";
				TEST_HOST = "$(BUILT_PRODUCTS_DIR)/BoostPillyze.app/$(BUNDLE_EXECUTABLE_FOLDER_PATH)/BoostPillyze";
			};
			name = Release;
		};
/* End XCBuildConfiguration section */

/* Begin XCConfigurationList section */
		9B046FEE2C41735B00ADAFF3 /* Build configuration list for PBXProject "BoostPillyze" */ = {
			isa = XCConfigurationList;
			buildConfigurations = (
				9B0470152C41735D00ADAFF3 /* Debug */,
				9B0470162C41735D00ADAFF3 /* Release */,
			);
			defaultConfigurationIsVisible = 0;
			defaultConfigurationName = Release;
		};
		9B0470172C41735D00ADAFF3 /* Build configuration list for PBXNativeTarget "BoostPillyze" */ = {
			isa = XCConfigurationList;
			buildConfigurations = (
				9B0470182C41735D00ADAFF3 /* Debug */,
				9B0470192C41735D00ADAFF3 /* Release */,
			);
			defaultConfigurationIsVisible = 0;
			defaultConfigurationName = Release;
		};
		9B04701A2C41735D00ADAFF3 /* Build configuration list for PBXNativeTarget "BoostPillyzeTests" */ = {
			isa = XCConfigurationList;
			buildConfigurations = (
				9B04701B2C41735D00ADAFF3 /* Debug */,
				9B04701C2C41735D00ADAFF3 /* Release */,
			);
			defaultConfigurationIsVisible = 0;
			defaultConfigurationName = Release;
		};
/* End XCConfigurationList section */
	};
	rootObject = 9B046FEB2C41735B00ADAFF3 /* Project object */;
}
